// !$*UTF8*$!
{
	archiveVersion = 1;
	classes = {
	};
	objectVersion = 46;
	objects = {

/* Begin PBXBuildFile section */
		1AC6FB1F180E996B004C840B /* libbox2d Mac.a in Frameworks */ = {isa = PBXBuildFile; fileRef = 1AC6FAFF180E9839004C840B /* libbox2d Mac.a */; };
		1AC6FB20180E996B004C840B /* libchipmunk Mac.a in Frameworks */ = {isa = PBXBuildFile; fileRef = 1AC6FAFD180E9839004C840B /* libchipmunk Mac.a */; };
		1AC6FB21180E996B004C840B /* libcocos2dx Mac.a in Frameworks */ = {isa = PBXBuildFile; fileRef = 1AC6FAF9180E9839004C840B /* libcocos2dx Mac.a */; };
		1AC6FB22180E996B004C840B /* libcocos2dx-extensions Mac.a in Frameworks */ = {isa = PBXBuildFile; fileRef = 1AC6FAFB180E9839004C840B /* libcocos2dx-extensions Mac.a */; };
		1AC6FB23180E996B004C840B /* libCocosDenshion Mac.a in Frameworks */ = {isa = PBXBuildFile; fileRef = 1AC6FB01180E9839004C840B /* libCocosDenshion Mac.a */; };
		1AC6FB2E180E99EB004C840B /* libbox2d iOS.a in Frameworks */ = {isa = PBXBuildFile; fileRef = 1AC6FB0D180E9839004C840B /* libbox2d iOS.a */; };
		1AC6FB2F180E99EB004C840B /* libchipmunk iOS.a in Frameworks */ = {isa = PBXBuildFile; fileRef = 1AC6FB0B180E9839004C840B /* libchipmunk iOS.a */; };
		1AC6FB30180E99EB004C840B /* libcocos2dx iOS.a in Frameworks */ = {isa = PBXBuildFile; fileRef = 1AC6FB07180E9839004C840B /* libcocos2dx iOS.a */; };
		1AC6FB31180E99EB004C840B /* libcocos2dx-extensions iOS.a in Frameworks */ = {isa = PBXBuildFile; fileRef = 1AC6FB09180E9839004C840B /* libcocos2dx-extensions iOS.a */; };
		1AC6FB32180E99EB004C840B /* libCocosDenshion iOS.a in Frameworks */ = {isa = PBXBuildFile; fileRef = 1AC6FB0F180E9839004C840B /* libCocosDenshion iOS.a */; };
		1AFAF8B716D35DE700DB1158 /* AppDelegate.cpp in Sources */ = {isa = PBXBuildFile; fileRef = 1AFAF8B316D35DE700DB1158 /* AppDelegate.cpp */; };
		1AFAF8B816D35DE700DB1158 /* HelloWorldScene.cpp in Sources */ = {isa = PBXBuildFile; fileRef = 1AFAF8B516D35DE700DB1158 /* HelloWorldScene.cpp */; };
		1D60589F0D05DD5A006BFB54 /* Foundation.framework in Frameworks */ = {isa = PBXBuildFile; fileRef = 1D30AB110D05D00D00671497 /* Foundation.framework */; };
		1DF5F4E00D08C38300B7A737 /* UIKit.framework in Frameworks */ = {isa = PBXBuildFile; fileRef = 1DF5F4DF0D08C38300B7A737 /* UIKit.framework */; };
		288765A50DF7441C002DB57D /* CoreGraphics.framework in Frameworks */ = {isa = PBXBuildFile; fileRef = 288765A40DF7441C002DB57D /* CoreGraphics.framework */; };
		503AE0F817EB97AB00D1A890 /* Icon.icns in Resources */ = {isa = PBXBuildFile; fileRef = 503AE0F617EB97AB00D1A890 /* Icon.icns */; };
		503AE10017EB989F00D1A890 /* AppController.mm in Sources */ = {isa = PBXBuildFile; fileRef = 503AE0FB17EB989F00D1A890 /* AppController.mm */; };
		503AE10117EB989F00D1A890 /* main.m in Sources */ = {isa = PBXBuildFile; fileRef = 503AE0FC17EB989F00D1A890 /* main.m */; };
		503AE10217EB989F00D1A890 /* RootViewController.mm in Sources */ = {isa = PBXBuildFile; fileRef = 503AE0FF17EB989F00D1A890 /* RootViewController.mm */; };
		503AE10517EB98FF00D1A890 /* main.cpp in Sources */ = {isa = PBXBuildFile; fileRef = 503AE10317EB98FF00D1A890 /* main.cpp */; };
		503AE11217EB99EE00D1A890 /* libcurl.dylib in Frameworks */ = {isa = PBXBuildFile; fileRef = 503AE11117EB99EE00D1A890 /* libcurl.dylib */; };
		503AE11B17EB9C5A00D1A890 /* IOKit.framework in Frameworks */ = {isa = PBXBuildFile; fileRef = 503AE11A17EB9C5A00D1A890 /* IOKit.framework */; };
		5087E75717EB910900C73F5D /* AppDelegate.cpp in Sources */ = {isa = PBXBuildFile; fileRef = 1AFAF8B316D35DE700DB1158 /* AppDelegate.cpp */; };
		5087E75817EB910900C73F5D /* HelloWorldScene.cpp in Sources */ = {isa = PBXBuildFile; fileRef = 1AFAF8B516D35DE700DB1158 /* HelloWorldScene.cpp */; };
		5087E76317EB910900C73F5D /* Foundation.framework in Frameworks */ = {isa = PBXBuildFile; fileRef = 1D30AB110D05D00D00671497 /* Foundation.framework */; };
		5087E76517EB910900C73F5D /* CoreGraphics.framework in Frameworks */ = {isa = PBXBuildFile; fileRef = 288765A40DF7441C002DB57D /* CoreGraphics.framework */; };
		5087E76717EB910900C73F5D /* libz.dylib in Frameworks */ = {isa = PBXBuildFile; fileRef = BF170DB412928DE900B8313A /* libz.dylib */; };
		5087E76817EB910900C73F5D /* QuartzCore.framework in Frameworks */ = {isa = PBXBuildFile; fileRef = BF1C47EA1293683800B63C5D /* QuartzCore.framework */; };
		5087E76917EB910900C73F5D /* OpenAL.framework in Frameworks */ = {isa = PBXBuildFile; fileRef = D44C620B132DFF330009C878 /* OpenAL.framework */; };
		5087E76A17EB910900C73F5D /* AVFoundation.framework in Frameworks */ = {isa = PBXBuildFile; fileRef = D44C620D132DFF430009C878 /* AVFoundation.framework */; };
		5087E76B17EB910900C73F5D /* AudioToolbox.framework in Frameworks */ = {isa = PBXBuildFile; fileRef = D44C620F132DFF4E0009C878 /* AudioToolbox.framework */; };
		5087E77D17EB970100C73F5D /* Default-568h@2x.png in Resources */ = {isa = PBXBuildFile; fileRef = 5087E77217EB970100C73F5D /* Default-568h@2x.png */; };
		5087E77E17EB970100C73F5D /* Default.png in Resources */ = {isa = PBXBuildFile; fileRef = 5087E77317EB970100C73F5D /* Default.png */; };
		5087E77F17EB970100C73F5D /* Default@2x.png in Resources */ = {isa = PBXBuildFile; fileRef = 5087E77417EB970100C73F5D /* Default@2x.png */; };
		5087E78017EB970100C73F5D /* Icon-114.png in Resources */ = {isa = PBXBuildFile; fileRef = 5087E77517EB970100C73F5D /* Icon-114.png */; };
		5087E78117EB970100C73F5D /* Icon-120.png in Resources */ = {isa = PBXBuildFile; fileRef = 5087E77617EB970100C73F5D /* Icon-120.png */; };
		5087E78217EB970100C73F5D /* Icon-144.png in Resources */ = {isa = PBXBuildFile; fileRef = 5087E77717EB970100C73F5D /* Icon-144.png */; };
		5087E78317EB970100C73F5D /* Icon-152.png in Resources */ = {isa = PBXBuildFile; fileRef = 5087E77817EB970100C73F5D /* Icon-152.png */; };
		5087E78417EB970100C73F5D /* Icon-57.png in Resources */ = {isa = PBXBuildFile; fileRef = 5087E77917EB970100C73F5D /* Icon-57.png */; };
		5087E78517EB970100C73F5D /* Icon-72.png in Resources */ = {isa = PBXBuildFile; fileRef = 5087E77A17EB970100C73F5D /* Icon-72.png */; };
		5087E78617EB970100C73F5D /* Icon-76.png in Resources */ = {isa = PBXBuildFile; fileRef = 5087E77B17EB970100C73F5D /* Icon-76.png */; };
		5087E78917EB974C00C73F5D /* AppKit.framework in Frameworks */ = {isa = PBXBuildFile; fileRef = 5087E78817EB974C00C73F5D /* AppKit.framework */; };
		5087E78B17EB975400C73F5D /* OpenGL.framework in Frameworks */ = {isa = PBXBuildFile; fileRef = 5087E78A17EB975400C73F5D /* OpenGL.framework */; };
		50EF629617ECD46A001EB2F8 /* Icon-40.png in Resources */ = {isa = PBXBuildFile; fileRef = 50EF629217ECD46A001EB2F8 /* Icon-40.png */; };
		50EF629717ECD46A001EB2F8 /* Icon-58.png in Resources */ = {isa = PBXBuildFile; fileRef = 50EF629317ECD46A001EB2F8 /* Icon-58.png */; };
		50EF629817ECD46A001EB2F8 /* Icon-80.png in Resources */ = {isa = PBXBuildFile; fileRef = 50EF629417ECD46A001EB2F8 /* Icon-80.png */; };
		50EF629917ECD46A001EB2F8 /* Icon-100.png in Resources */ = {isa = PBXBuildFile; fileRef = 50EF629517ECD46A001EB2F8 /* Icon-100.png */; };
		50EF62A217ECD613001EB2F8 /* Icon-29.png in Resources */ = {isa = PBXBuildFile; fileRef = 50EF62A017ECD613001EB2F8 /* Icon-29.png */; };
		50EF62A317ECD613001EB2F8 /* Icon-50.png in Resources */ = {isa = PBXBuildFile; fileRef = 50EF62A117ECD613001EB2F8 /* Icon-50.png */; };
		891E663B192A1848000B086C /* Unit.cpp in Sources */ = {isa = PBXBuildFile; fileRef = 891E6637192A1848000B086C /* Unit.cpp */; };
		891E663C192A1848000B086C /* UnitState.cpp in Sources */ = {isa = PBXBuildFile; fileRef = 891E6639192A1848000B086C /* UnitState.cpp */; };
		891E6722192A2C6D000B086C /* 1-1.png in Resources */ = {isa = PBXBuildFile; fileRef = 891E66D5192A2C6D000B086C /* 1-1.png */; };
		891E6723192A2C6D000B086C /* 1-2.png in Resources */ = {isa = PBXBuildFile; fileRef = 891E66D6192A2C6D000B086C /* 1-2.png */; };
		891E6724192A2C6D000B086C /* 1-3.png in Resources */ = {isa = PBXBuildFile; fileRef = 891E66D7192A2C6D000B086C /* 1-3.png */; };
		891E6725192A2C6D000B086C /* 1-4.png in Resources */ = {isa = PBXBuildFile; fileRef = 891E66D8192A2C6D000B086C /* 1-4.png */; };
		891E6726192A2C6D000B086C /* 2-1.png in Resources */ = {isa = PBXBuildFile; fileRef = 891E66D9192A2C6D000B086C /* 2-1.png */; };
		891E6727192A2C6D000B086C /* 2-2.png in Resources */ = {isa = PBXBuildFile; fileRef = 891E66DA192A2C6D000B086C /* 2-2.png */; };
		891E6728192A2C6D000B086C /* 2-3.png in Resources */ = {isa = PBXBuildFile; fileRef = 891E66DB192A2C6D000B086C /* 2-3.png */; };
		891E6729192A2C6D000B086C /* 2-4.png in Resources */ = {isa = PBXBuildFile; fileRef = 891E66DC192A2C6D000B086C /* 2-4.png */; };
		891E672A192A2C6D000B086C /* 2-5.png in Resources */ = {isa = PBXBuildFile; fileRef = 891E66DD192A2C6D000B086C /* 2-5.png */; };
		891E672B192A2C6D000B086C /* 2-6.png in Resources */ = {isa = PBXBuildFile; fileRef = 891E66DE192A2C6D000B086C /* 2-6.png */; };
		891E672C192A2C6D000B086C /* 2-7.png in Resources */ = {isa = PBXBuildFile; fileRef = 891E66DF192A2C6D000B086C /* 2-7.png */; };
		891E672D192A2C6D000B086C /* 2-8.png in Resources */ = {isa = PBXBuildFile; fileRef = 891E66E0192A2C6D000B086C /* 2-8.png */; };
		891E672E192A2C6D000B086C /* 3-1.png in Resources */ = {isa = PBXBuildFile; fileRef = 891E66E2192A2C6D000B086C /* 3-1.png */; };
		891E672F192A2C6D000B086C /* 3-2.png in Resources */ = {isa = PBXBuildFile; fileRef = 891E66E3192A2C6D000B086C /* 3-2.png */; };
		891E6730192A2C6D000B086C /* 3-3.png in Resources */ = {isa = PBXBuildFile; fileRef = 891E66E4192A2C6D000B086C /* 3-3.png */; };
		891E6731192A2C6D000B086C /* 3-4.png in Resources */ = {isa = PBXBuildFile; fileRef = 891E66E5192A2C6D000B086C /* 3-4.png */; };
		891E6732192A2C6D000B086C /* 4-1.png in Resources */ = {isa = PBXBuildFile; fileRef = 891E66E6192A2C6D000B086C /* 4-1.png */; };
		891E6733192A2C6D000B086C /* 4-2.png in Resources */ = {isa = PBXBuildFile; fileRef = 891E66E7192A2C6D000B086C /* 4-2.png */; };
		891E6734192A2C6D000B086C /* 4-3.png in Resources */ = {isa = PBXBuildFile; fileRef = 891E66E8192A2C6D000B086C /* 4-3.png */; };
		891E6735192A2C6D000B086C /* 4-4.png in Resources */ = {isa = PBXBuildFile; fileRef = 891E66E9192A2C6D000B086C /* 4-4.png */; };
		891E6736192A2C6D000B086C /* 4-5.png in Resources */ = {isa = PBXBuildFile; fileRef = 891E66EA192A2C6D000B086C /* 4-5.png */; };
		891E6737192A2C6D000B086C /* 4-6.png in Resources */ = {isa = PBXBuildFile; fileRef = 891E66EB192A2C6D000B086C /* 4-6.png */; };
		891E6738192A2C6D000B086C /* 4-7.png in Resources */ = {isa = PBXBuildFile; fileRef = 891E66EC192A2C6D000B086C /* 4-7.png */; };
		891E6739192A2C6D000B086C /* 4-8.png in Resources */ = {isa = PBXBuildFile; fileRef = 891E66ED192A2C6D000B086C /* 4-8.png */; };
		891E673A192A2C6D000B086C /* 5-1.png in Resources */ = {isa = PBXBuildFile; fileRef = 891E66EF192A2C6D000B086C /* 5-1.png */; };
		891E673B192A2C6D000B086C /* 5-2.png in Resources */ = {isa = PBXBuildFile; fileRef = 891E66F0192A2C6D000B086C /* 5-2.png */; };
		891E673C192A2C6D000B086C /* 5-3.png in Resources */ = {isa = PBXBuildFile; fileRef = 891E66F1192A2C6D000B086C /* 5-3.png */; };
		891E673D192A2C6D000B086C /* 5-4.png in Resources */ = {isa = PBXBuildFile; fileRef = 891E66F2192A2C6D000B086C /* 5-4.png */; };
		891E673E192A2C6D000B086C /* 6-1.png in Resources */ = {isa = PBXBuildFile; fileRef = 891E66F3192A2C6D000B086C /* 6-1.png */; };
		891E673F192A2C6D000B086C /* 6-2.png in Resources */ = {isa = PBXBuildFile; fileRef = 891E66F4192A2C6D000B086C /* 6-2.png */; };
		891E6740192A2C6D000B086C /* 6-3.png in Resources */ = {isa = PBXBuildFile; fileRef = 891E66F5192A2C6D000B086C /* 6-3.png */; };
		891E6741192A2C6D000B086C /* 6-4.png in Resources */ = {isa = PBXBuildFile; fileRef = 891E66F6192A2C6D000B086C /* 6-4.png */; };
		891E6742192A2C6D000B086C /* 6-5.png in Resources */ = {isa = PBXBuildFile; fileRef = 891E66F7192A2C6D000B086C /* 6-5.png */; };
		891E6743192A2C6D000B086C /* 6-6.png in Resources */ = {isa = PBXBuildFile; fileRef = 891E66F8192A2C6D000B086C /* 6-6.png */; };
		891E6744192A2C6D000B086C /* 6-7.png in Resources */ = {isa = PBXBuildFile; fileRef = 891E66F9192A2C6D000B086C /* 6-7.png */; };
		891E6745192A2C6D000B086C /* 6-8.png in Resources */ = {isa = PBXBuildFile; fileRef = 891E66FA192A2C6D000B086C /* 6-8.png */; };
		891E6746192A2C6D000B086C /* 7-1.png in Resources */ = {isa = PBXBuildFile; fileRef = 891E66FC192A2C6D000B086C /* 7-1.png */; };
		891E6747192A2C6D000B086C /* 7-2.png in Resources */ = {isa = PBXBuildFile; fileRef = 891E66FD192A2C6D000B086C /* 7-2.png */; };
		891E6748192A2C6D000B086C /* 7-3.png in Resources */ = {isa = PBXBuildFile; fileRef = 891E66FE192A2C6D000B086C /* 7-3.png */; };
		891E6749192A2C6D000B086C /* 7-4.png in Resources */ = {isa = PBXBuildFile; fileRef = 891E66FF192A2C6D000B086C /* 7-4.png */; };
		891E674A192A2C6D000B086C /* 8-1.png in Resources */ = {isa = PBXBuildFile; fileRef = 891E6700192A2C6D000B086C /* 8-1.png */; };
		891E674B192A2C6D000B086C /* 8-2.png in Resources */ = {isa = PBXBuildFile; fileRef = 891E6701192A2C6D000B086C /* 8-2.png */; };
		891E674C192A2C6D000B086C /* 8-3.png in Resources */ = {isa = PBXBuildFile; fileRef = 891E6702192A2C6D000B086C /* 8-3.png */; };
		891E674D192A2C6D000B086C /* 8-4.png in Resources */ = {isa = PBXBuildFile; fileRef = 891E6703192A2C6D000B086C /* 8-4.png */; };
		891E674E192A2C6D000B086C /* 8-5.png in Resources */ = {isa = PBXBuildFile; fileRef = 891E6704192A2C6D000B086C /* 8-5.png */; };
		891E674F192A2C6D000B086C /* 8-6.png in Resources */ = {isa = PBXBuildFile; fileRef = 891E6705192A2C6D000B086C /* 8-6.png */; };
		891E6750192A2C6D000B086C /* 8-7.png in Resources */ = {isa = PBXBuildFile; fileRef = 891E6706192A2C6D000B086C /* 8-7.png */; };
		891E6751192A2C6D000B086C /* 8-8.png in Resources */ = {isa = PBXBuildFile; fileRef = 891E6707192A2C6D000B086C /* 8-8.png */; };
		891E6752192A2C6D000B086C /* 10-1.png in Resources */ = {isa = PBXBuildFile; fileRef = 891E6709192A2C6D000B086C /* 10-1.png */; };
		891E6753192A2C6D000B086C /* 10-2.png in Resources */ = {isa = PBXBuildFile; fileRef = 891E670A192A2C6D000B086C /* 10-2.png */; };
		891E6754192A2C6D000B086C /* 10-3.png in Resources */ = {isa = PBXBuildFile; fileRef = 891E670B192A2C6D000B086C /* 10-3.png */; };
		891E6755192A2C6D000B086C /* 10-4.png in Resources */ = {isa = PBXBuildFile; fileRef = 891E670C192A2C6D000B086C /* 10-4.png */; };
		891E6756192A2C6D000B086C /* 10-5.png in Resources */ = {isa = PBXBuildFile; fileRef = 891E670D192A2C6D000B086C /* 10-5.png */; };
		891E6757192A2C6D000B086C /* 10-6.png in Resources */ = {isa = PBXBuildFile; fileRef = 891E670E192A2C6D000B086C /* 10-6.png */; };
		891E6758192A2C6D000B086C /* 10-7.png in Resources */ = {isa = PBXBuildFile; fileRef = 891E670F192A2C6D000B086C /* 10-7.png */; };
		891E6759192A2C6D000B086C /* 10-8.png in Resources */ = {isa = PBXBuildFile; fileRef = 891E6710192A2C6D000B086C /* 10-8.png */; };
		891E675A192A2C6D000B086C /* 9-1.png in Resources */ = {isa = PBXBuildFile; fileRef = 891E6711192A2C6D000B086C /* 9-1.png */; };
		891E675B192A2C6D000B086C /* 9-2.png in Resources */ = {isa = PBXBuildFile; fileRef = 891E6712192A2C6D000B086C /* 9-2.png */; };
		891E675C192A2C6D000B086C /* 9-3.png in Resources */ = {isa = PBXBuildFile; fileRef = 891E6713192A2C6D000B086C /* 9-3.png */; };
		891E675D192A2C6D000B086C /* 9-4.png in Resources */ = {isa = PBXBuildFile; fileRef = 891E6714192A2C6D000B086C /* 9-4.png */; };
		891E675E192A2C6D000B086C /* 11-1.png in Resources */ = {isa = PBXBuildFile; fileRef = 891E6716192A2C6D000B086C /* 11-1.png */; };
		891E675F192A2C6D000B086C /* 11-2.png in Resources */ = {isa = PBXBuildFile; fileRef = 891E6717192A2C6D000B086C /* 11-2.png */; };
		891E6760192A2C6D000B086C /* 11-3.png in Resources */ = {isa = PBXBuildFile; fileRef = 891E6718192A2C6D000B086C /* 11-3.png */; };
		891E6761192A2C6D000B086C /* 11-4.png in Resources */ = {isa = PBXBuildFile; fileRef = 891E6719192A2C6D000B086C /* 11-4.png */; };
		891E6762192A2C6D000B086C /* 12-1.png in Resources */ = {isa = PBXBuildFile; fileRef = 891E671A192A2C6D000B086C /* 12-1.png */; };
		891E6763192A2C6D000B086C /* 12-2.png in Resources */ = {isa = PBXBuildFile; fileRef = 891E671B192A2C6D000B086C /* 12-2.png */; };
		891E6764192A2C6D000B086C /* 12-3.png in Resources */ = {isa = PBXBuildFile; fileRef = 891E671C192A2C6D000B086C /* 12-3.png */; };
		891E6765192A2C6D000B086C /* 12-4.png in Resources */ = {isa = PBXBuildFile; fileRef = 891E671D192A2C6D000B086C /* 12-4.png */; };
		891E6766192A2C6D000B086C /* 12-5.png in Resources */ = {isa = PBXBuildFile; fileRef = 891E671E192A2C6D000B086C /* 12-5.png */; };
		891E6767192A2C6D000B086C /* 12-6.png in Resources */ = {isa = PBXBuildFile; fileRef = 891E671F192A2C6D000B086C /* 12-6.png */; };
		891E6768192A2C6D000B086C /* 12-7.png in Resources */ = {isa = PBXBuildFile; fileRef = 891E6720192A2C6D000B086C /* 12-7.png */; };
		891E6769192A2C6D000B086C /* 12-8.png in Resources */ = {isa = PBXBuildFile; fileRef = 891E6721192A2C6D000B086C /* 12-8.png */; };
		89912113190DF1C2006C5590 /* Battle.cpp in Sources */ = {isa = PBXBuildFile; fileRef = 89912111190DF1C2006C5590 /* Battle.cpp */; };
		89912116190DF570006C5590 /* Resources.cpp in Sources */ = {isa = PBXBuildFile; fileRef = 89912114190DF570006C5590 /* Resources.cpp */; };
		89C1C0F3191C8A5000904D68 /* Icon-120.png in Resources */ = {isa = PBXBuildFile; fileRef = 89C1C0CB191C8A5000904D68 /* Icon-120.png */; };
		89C1C0F4191C8A5000904D68 /* Icon-57.png in Resources */ = {isa = PBXBuildFile; fileRef = 89C1C0CC191C8A5000904D68 /* Icon-57.png */; };
		89C1C0F5191C8A5000904D68 /* Icon-57~ipad.png in Resources */ = {isa = PBXBuildFile; fileRef = 89C1C0CD191C8A5000904D68 /* Icon-57~ipad.png */; };
		89C1C0F6191C8A5000904D68 /* Icon-76-x.png in Resources */ = {isa = PBXBuildFile; fileRef = 89C1C0CE191C8A5000904D68 /* Icon-76-x.png */; };
		89C1C0F7191C8A5000904D68 /* Icon-57@2x.png in Resources */ = {isa = PBXBuildFile; fileRef = 89C1C0CF191C8A5000904D68 /* Icon-57@2x.png */; };
		89C1C0F8191C8A5000904D68 /* Icon.png in Resources */ = {isa = PBXBuildFile; fileRef = 89C1C0D0191C8A5000904D68 /* Icon.png */; };
		89C1C0F9191C8A5000904D68 /* Icon@2x.png in Resources */ = {isa = PBXBuildFile; fileRef = 89C1C0D1191C8A5000904D68 /* Icon@2x.png */; };
		89C1C0FA191C8A5000904D68 /* bg1.png in Resources */ = {isa = PBXBuildFile; fileRef = 89C1C0D3191C8A5000904D68 /* bg1.png */; };
		89C1C0FB191C8A5000904D68 /* bg2.png in Resources */ = {isa = PBXBuildFile; fileRef = 89C1C0D4191C8A5000904D68 /* bg2.png */; };
		89C1C0FC191C8A5000904D68 /* board.png in Resources */ = {isa = PBXBuildFile; fileRef = 89C1C0D6191C8A5000904D68 /* board.png */; };
		89C1C0FD191C8A5000904D68 /* item0.png in Resources */ = {isa = PBXBuildFile; fileRef = 89C1C0D7191C8A5000904D68 /* item0.png */; };
		89C1C0FE191C8A5000904D68 /* item1.png in Resources */ = {isa = PBXBuildFile; fileRef = 89C1C0D8191C8A5000904D68 /* item1.png */; };
		89C1C0FF191C8A5000904D68 /* item2.png in Resources */ = {isa = PBXBuildFile; fileRef = 89C1C0D9191C8A5000904D68 /* item2.png */; };
		89C1C100191C8A5000904D68 /* item3.png in Resources */ = {isa = PBXBuildFile; fileRef = 89C1C0DA191C8A5000904D68 /* item3.png */; };
		89C1C101191C8A5000904D68 /* randomNPC.png in Resources */ = {isa = PBXBuildFile; fileRef = 89C1C0DB191C8A5000904D68 /* randomNPC.png */; };
		89C1C102191C8A5000904D68 /* randomPlayer.png in Resources */ = {isa = PBXBuildFile; fileRef = 89C1C0DC191C8A5000904D68 /* randomPlayer.png */; };
		89C1C103191C8A5000904D68 /* start-active.png in Resources */ = {isa = PBXBuildFile; fileRef = 89C1C0DD191C8A5000904D68 /* start-active.png */; };
		89C1C104191C8A5000904D68 /* start.png in Resources */ = {isa = PBXBuildFile; fileRef = 89C1C0DE191C8A5000904D68 /* start.png */; };
		89C1C105191C8A5000904D68 /* start10.png in Resources */ = {isa = PBXBuildFile; fileRef = 89C1C0DF191C8A5000904D68 /* start10.png */; };
		89C1C125191CA6D200904D68 /* Util.cpp in Sources */ = {isa = PBXBuildFile; fileRef = 89C1C123191CA6D200904D68 /* Util.cpp */; };
		89C1C128191CAD3000904D68 /* play1normal.png in Resources */ = {isa = PBXBuildFile; fileRef = 89C1C126191CAD3000904D68 /* play1normal.png */; };
		89C1C129191CAD3000904D68 /* pausenormal.png in Resources */ = {isa = PBXBuildFile; fileRef = 89C1C127191CAD3000904D68 /* pausenormal.png */; };
		89F8C64B1906364200CF817A /* Squad.cpp in Sources */ = {isa = PBXBuildFile; fileRef = 89F8C6491906364200CF817A /* Squad.cpp */; };
		BF171245129291EC00B8313A /* OpenGLES.framework in Frameworks */ = {isa = PBXBuildFile; fileRef = BF170DB012928DE900B8313A /* OpenGLES.framework */; };
		BF1712471292920000B8313A /* libz.dylib in Frameworks */ = {isa = PBXBuildFile; fileRef = BF170DB412928DE900B8313A /* libz.dylib */; };
		BF1C47F01293687400B63C5D /* QuartzCore.framework in Frameworks */ = {isa = PBXBuildFile; fileRef = BF1C47EA1293683800B63C5D /* QuartzCore.framework */; };
		D44C620C132DFF330009C878 /* OpenAL.framework in Frameworks */ = {isa = PBXBuildFile; fileRef = D44C620B132DFF330009C878 /* OpenAL.framework */; };
		D44C620E132DFF430009C878 /* AVFoundation.framework in Frameworks */ = {isa = PBXBuildFile; fileRef = D44C620D132DFF430009C878 /* AVFoundation.framework */; };
		D44C6210132DFF4E0009C878 /* AudioToolbox.framework in Frameworks */ = {isa = PBXBuildFile; fileRef = D44C620F132DFF4E0009C878 /* AudioToolbox.framework */; };
		D6B0611B1803AB670077942B /* CoreMotion.framework in Frameworks */ = {isa = PBXBuildFile; fileRef = D6B0611A1803AB670077942B /* CoreMotion.framework */; };
/* End PBXBuildFile section */

/* Begin PBXContainerItemProxy section */
		1AC6FAF8180E9839004C840B /* PBXContainerItemProxy */ = {
			isa = PBXContainerItemProxy;
			containerPortal = 1AC6FAE5180E9839004C840B /* cocos2d_libs.xcodeproj */;
			proxyType = 2;
			remoteGlobalIDString = 1551A33F158F2AB200E66CFE;
			remoteInfo = "cocos2dx Mac";
		};
		1AC6FAFA180E9839004C840B /* PBXContainerItemProxy */ = {
			isa = PBXContainerItemProxy;
			containerPortal = 1AC6FAE5180E9839004C840B /* cocos2d_libs.xcodeproj */;
			proxyType = 2;
			remoteGlobalIDString = A03F2FD617814595006731B9;
			remoteInfo = "cocos2dx-extensions Mac";
		};
		1AC6FAFC180E9839004C840B /* PBXContainerItemProxy */ = {
			isa = PBXContainerItemProxy;
			containerPortal = 1AC6FAE5180E9839004C840B /* cocos2d_libs.xcodeproj */;
			proxyType = 2;
			remoteGlobalIDString = A03F2CB81780BD04006731B9;
			remoteInfo = "chipmunk Mac";
		};
		1AC6FAFE180E9839004C840B /* PBXContainerItemProxy */ = {
			isa = PBXContainerItemProxy;
			containerPortal = 1AC6FAE5180E9839004C840B /* cocos2d_libs.xcodeproj */;
			proxyType = 2;
			remoteGlobalIDString = A03F2D9B1780BDF7006731B9;
			remoteInfo = "box2d Mac";
		};
		1AC6FB00180E9839004C840B /* PBXContainerItemProxy */ = {
			isa = PBXContainerItemProxy;
			containerPortal = 1AC6FAE5180E9839004C840B /* cocos2d_libs.xcodeproj */;
			proxyType = 2;
			remoteGlobalIDString = A03F2ED617814268006731B9;
			remoteInfo = "CocosDenshion Mac";
		};
		1AC6FB06180E9839004C840B /* PBXContainerItemProxy */ = {
			isa = PBXContainerItemProxy;
			containerPortal = 1AC6FAE5180E9839004C840B /* cocos2d_libs.xcodeproj */;
			proxyType = 2;
			remoteGlobalIDString = A07A4D641783777C0073F6A7;
			remoteInfo = "cocos2dx iOS";
		};
		1AC6FB08180E9839004C840B /* PBXContainerItemProxy */ = {
			isa = PBXContainerItemProxy;
			containerPortal = 1AC6FAE5180E9839004C840B /* cocos2d_libs.xcodeproj */;
			proxyType = 2;
			remoteGlobalIDString = A07A4EFC1783867C0073F6A7;
			remoteInfo = "cocos2dx-extensions iOS";
		};
		1AC6FB0A180E9839004C840B /* PBXContainerItemProxy */ = {
			isa = PBXContainerItemProxy;
			containerPortal = 1AC6FAE5180E9839004C840B /* cocos2d_libs.xcodeproj */;
			proxyType = 2;
			remoteGlobalIDString = A07A4F3B178387670073F6A7;
			remoteInfo = "chipmunk iOS";
		};
		1AC6FB0C180E9839004C840B /* PBXContainerItemProxy */ = {
			isa = PBXContainerItemProxy;
			containerPortal = 1AC6FAE5180E9839004C840B /* cocos2d_libs.xcodeproj */;
			proxyType = 2;
			remoteGlobalIDString = A07A4F9E1783876B0073F6A7;
			remoteInfo = "box2d iOS";
		};
		1AC6FB0E180E9839004C840B /* PBXContainerItemProxy */ = {
			isa = PBXContainerItemProxy;
			containerPortal = 1AC6FAE5180E9839004C840B /* cocos2d_libs.xcodeproj */;
			proxyType = 2;
			remoteGlobalIDString = A07A4FB4178387730073F6A7;
			remoteInfo = "CocosDenshion iOS";
		};
		1AC6FB15180E9959004C840B /* PBXContainerItemProxy */ = {
			isa = PBXContainerItemProxy;
			containerPortal = 1AC6FAE5180E9839004C840B /* cocos2d_libs.xcodeproj */;
			proxyType = 1;
			remoteGlobalIDString = 1551A33E158F2AB200E66CFE;
			remoteInfo = "cocos2dx Mac";
		};
		1AC6FB17180E9959004C840B /* PBXContainerItemProxy */ = {
			isa = PBXContainerItemProxy;
			containerPortal = 1AC6FAE5180E9839004C840B /* cocos2d_libs.xcodeproj */;
			proxyType = 1;
			remoteGlobalIDString = A03F2FC117814595006731B9;
			remoteInfo = "cocos2dx-extensions Mac";
		};
		1AC6FB19180E9959004C840B /* PBXContainerItemProxy */ = {
			isa = PBXContainerItemProxy;
			containerPortal = 1AC6FAE5180E9839004C840B /* cocos2d_libs.xcodeproj */;
			proxyType = 1;
			remoteGlobalIDString = A03F2B781780BD04006731B9;
			remoteInfo = "chipmunk Mac";
		};
		1AC6FB1B180E9959004C840B /* PBXContainerItemProxy */ = {
			isa = PBXContainerItemProxy;
			containerPortal = 1AC6FAE5180E9839004C840B /* cocos2d_libs.xcodeproj */;
			proxyType = 1;
			remoteGlobalIDString = A03F2E9817814268006731B9;
			remoteInfo = "CocosDenshion Mac";
		};
		1AC6FB1D180E9963004C840B /* PBXContainerItemProxy */ = {
			isa = PBXContainerItemProxy;
			containerPortal = 1AC6FAE5180E9839004C840B /* cocos2d_libs.xcodeproj */;
			proxyType = 1;
			remoteGlobalIDString = A03F2D5D1780BDF7006731B9;
			remoteInfo = "box2d Mac";
		};
		1AC6FB24180E99E1004C840B /* PBXContainerItemProxy */ = {
			isa = PBXContainerItemProxy;
			containerPortal = 1AC6FAE5180E9839004C840B /* cocos2d_libs.xcodeproj */;
			proxyType = 1;
			remoteGlobalIDString = A07A4C241783777C0073F6A7;
			remoteInfo = "cocos2dx iOS";
		};
		1AC6FB26180E99E1004C840B /* PBXContainerItemProxy */ = {
			isa = PBXContainerItemProxy;
			containerPortal = 1AC6FAE5180E9839004C840B /* cocos2d_libs.xcodeproj */;
			proxyType = 1;
			remoteGlobalIDString = A07A4E111783867C0073F6A7;
			remoteInfo = "cocos2dx-extensions iOS";
		};
		1AC6FB28180E99E1004C840B /* PBXContainerItemProxy */ = {
			isa = PBXContainerItemProxy;
			containerPortal = 1AC6FAE5180E9839004C840B /* cocos2d_libs.xcodeproj */;
			proxyType = 1;
			remoteGlobalIDString = A07A4EFD178387670073F6A7;
			remoteInfo = "chipmunk iOS";
		};
		1AC6FB2A180E99E1004C840B /* PBXContainerItemProxy */ = {
			isa = PBXContainerItemProxy;
			containerPortal = 1AC6FAE5180E9839004C840B /* cocos2d_libs.xcodeproj */;
			proxyType = 1;
			remoteGlobalIDString = A07A4F3C1783876B0073F6A7;
			remoteInfo = "box2d iOS";
		};
		1AC6FB2C180E99E1004C840B /* PBXContainerItemProxy */ = {
			isa = PBXContainerItemProxy;
			containerPortal = 1AC6FAE5180E9839004C840B /* cocos2d_libs.xcodeproj */;
			proxyType = 1;
			remoteGlobalIDString = A07A4F9F178387730073F6A7;
			remoteInfo = "CocosDenshion iOS";
		};
/* End PBXContainerItemProxy section */

/* Begin PBXFileReference section */
		1AC6FAE5180E9839004C840B /* cocos2d_libs.xcodeproj */ = {isa = PBXFileReference; lastKnownFileType = "wrapper.pb-project"; name = cocos2d_libs.xcodeproj; path = ../cocos2d/build/cocos2d_libs.xcodeproj; sourceTree = "<group>"; };
		1ACB3243164770DE00914215 /* libcurl.a */ = {isa = PBXFileReference; lastKnownFileType = archive.ar; name = libcurl.a; path = ../../cocos2dx/platform/third_party/ios/libraries/libcurl.a; sourceTree = "<group>"; };
		1AFAF8B316D35DE700DB1158 /* AppDelegate.cpp */ = {isa = PBXFileReference; fileEncoding = 4; lastKnownFileType = sourcecode.cpp.cpp; name = AppDelegate.cpp; path = ../Classes/AppDelegate.cpp; sourceTree = "<group>"; };
		1AFAF8B416D35DE700DB1158 /* AppDelegate.h */ = {isa = PBXFileReference; fileEncoding = 4; lastKnownFileType = sourcecode.c.h; name = AppDelegate.h; path = ../Classes/AppDelegate.h; sourceTree = "<group>"; };
		1AFAF8B516D35DE700DB1158 /* HelloWorldScene.cpp */ = {isa = PBXFileReference; fileEncoding = 4; lastKnownFileType = sourcecode.cpp.cpp; name = HelloWorldScene.cpp; path = ../Classes/HelloWorldScene.cpp; sourceTree = "<group>"; };
		1AFAF8B616D35DE700DB1158 /* HelloWorldScene.h */ = {isa = PBXFileReference; fileEncoding = 4; lastKnownFileType = sourcecode.c.h; name = HelloWorldScene.h; path = ../Classes/HelloWorldScene.h; sourceTree = "<group>"; };
		1D30AB110D05D00D00671497 /* Foundation.framework */ = {isa = PBXFileReference; lastKnownFileType = wrapper.framework; name = Foundation.framework; path = System/Library/Frameworks/Foundation.framework; sourceTree = SDKROOT; };
		1D6058910D05DD3D006BFB54 /* 打来打去.app */ = {isa = PBXFileReference; explicitFileType = wrapper.application; includeInIndex = 0; path = "打来打去.app"; sourceTree = BUILT_PRODUCTS_DIR; };
		1DF5F4DF0D08C38300B7A737 /* UIKit.framework */ = {isa = PBXFileReference; lastKnownFileType = wrapper.framework; name = UIKit.framework; path = System/Library/Frameworks/UIKit.framework; sourceTree = SDKROOT; };
		288765A40DF7441C002DB57D /* CoreGraphics.framework */ = {isa = PBXFileReference; lastKnownFileType = wrapper.framework; name = CoreGraphics.framework; path = System/Library/Frameworks/CoreGraphics.framework; sourceTree = SDKROOT; };
		503AE0F617EB97AB00D1A890 /* Icon.icns */ = {isa = PBXFileReference; lastKnownFileType = image.icns; path = Icon.icns; sourceTree = "<group>"; };
		503AE0F717EB97AB00D1A890 /* Info.plist */ = {isa = PBXFileReference; fileEncoding = 4; lastKnownFileType = text.plist.xml; path = Info.plist; sourceTree = "<group>"; };
		503AE0FA17EB989F00D1A890 /* AppController.h */ = {isa = PBXFileReference; fileEncoding = 4; lastKnownFileType = sourcecode.c.h; name = AppController.h; path = ios/AppController.h; sourceTree = SOURCE_ROOT; };
		503AE0FB17EB989F00D1A890 /* AppController.mm */ = {isa = PBXFileReference; fileEncoding = 4; lastKnownFileType = sourcecode.cpp.objcpp; name = AppController.mm; path = ios/AppController.mm; sourceTree = SOURCE_ROOT; };
		503AE0FC17EB989F00D1A890 /* main.m */ = {isa = PBXFileReference; fileEncoding = 4; lastKnownFileType = sourcecode.c.objc; name = main.m; path = ios/main.m; sourceTree = SOURCE_ROOT; };
		503AE0FD17EB989F00D1A890 /* Prefix.pch */ = {isa = PBXFileReference; fileEncoding = 4; lastKnownFileType = sourcecode.c.h; name = Prefix.pch; path = ios/Prefix.pch; sourceTree = SOURCE_ROOT; };
		503AE0FE17EB989F00D1A890 /* RootViewController.h */ = {isa = PBXFileReference; fileEncoding = 4; lastKnownFileType = sourcecode.c.h; name = RootViewController.h; path = ios/RootViewController.h; sourceTree = SOURCE_ROOT; };
		503AE0FF17EB989F00D1A890 /* RootViewController.mm */ = {isa = PBXFileReference; fileEncoding = 4; lastKnownFileType = sourcecode.cpp.objcpp; name = RootViewController.mm; path = ios/RootViewController.mm; sourceTree = SOURCE_ROOT; };
		503AE10317EB98FF00D1A890 /* main.cpp */ = {isa = PBXFileReference; fileEncoding = 4; lastKnownFileType = sourcecode.cpp.cpp; name = main.cpp; path = mac/main.cpp; sourceTree = "<group>"; };
		503AE10417EB98FF00D1A890 /* Prefix.pch */ = {isa = PBXFileReference; fileEncoding = 4; lastKnownFileType = sourcecode.c.h; name = Prefix.pch; path = mac/Prefix.pch; sourceTree = "<group>"; };
		503AE11117EB99EE00D1A890 /* libcurl.dylib */ = {isa = PBXFileReference; lastKnownFileType = "compiled.mach-o.dylib"; name = libcurl.dylib; path = usr/lib/libcurl.dylib; sourceTree = SDKROOT; };
		503AE11A17EB9C5A00D1A890 /* IOKit.framework */ = {isa = PBXFileReference; lastKnownFileType = wrapper.framework; name = IOKit.framework; path = System/Library/Frameworks/IOKit.framework; sourceTree = SDKROOT; };
		5087E76F17EB910900C73F5D /* MyGame Mac.app */ = {isa = PBXFileReference; explicitFileType = wrapper.application; includeInIndex = 0; path = "MyGame Mac.app"; sourceTree = BUILT_PRODUCTS_DIR; };
		5087E77217EB970100C73F5D /* Default-568h@2x.png */ = {isa = PBXFileReference; lastKnownFileType = image.png; path = "Default-568h@2x.png"; sourceTree = "<group>"; };
		5087E77317EB970100C73F5D /* Default.png */ = {isa = PBXFileReference; lastKnownFileType = image.png; path = Default.png; sourceTree = "<group>"; };
		5087E77417EB970100C73F5D /* Default@2x.png */ = {isa = PBXFileReference; lastKnownFileType = image.png; path = "Default@2x.png"; sourceTree = "<group>"; };
		5087E77517EB970100C73F5D /* Icon-114.png */ = {isa = PBXFileReference; lastKnownFileType = image.png; path = "Icon-114.png"; sourceTree = "<group>"; };
		5087E77617EB970100C73F5D /* Icon-120.png */ = {isa = PBXFileReference; lastKnownFileType = image.png; path = "Icon-120.png"; sourceTree = "<group>"; };
		5087E77717EB970100C73F5D /* Icon-144.png */ = {isa = PBXFileReference; lastKnownFileType = image.png; path = "Icon-144.png"; sourceTree = "<group>"; };
		5087E77817EB970100C73F5D /* Icon-152.png */ = {isa = PBXFileReference; lastKnownFileType = image.png; path = "Icon-152.png"; sourceTree = "<group>"; };
		5087E77917EB970100C73F5D /* Icon-57.png */ = {isa = PBXFileReference; lastKnownFileType = image.png; path = "Icon-57.png"; sourceTree = "<group>"; };
		5087E77A17EB970100C73F5D /* Icon-72.png */ = {isa = PBXFileReference; lastKnownFileType = image.png; path = "Icon-72.png"; sourceTree = "<group>"; };
		5087E77B17EB970100C73F5D /* Icon-76.png */ = {isa = PBXFileReference; lastKnownFileType = image.png; path = "Icon-76.png"; sourceTree = "<group>"; };
		5087E77C17EB970100C73F5D /* Info.plist */ = {isa = PBXFileReference; fileEncoding = 4; lastKnownFileType = text.plist.xml; path = Info.plist; sourceTree = "<group>"; };
		5087E78817EB974C00C73F5D /* AppKit.framework */ = {isa = PBXFileReference; lastKnownFileType = wrapper.framework; name = AppKit.framework; path = System/Library/Frameworks/AppKit.framework; sourceTree = SDKROOT; };
		5087E78A17EB975400C73F5D /* OpenGL.framework */ = {isa = PBXFileReference; lastKnownFileType = wrapper.framework; name = OpenGL.framework; path = System/Library/Frameworks/OpenGL.framework; sourceTree = SDKROOT; };
		50EF629217ECD46A001EB2F8 /* Icon-40.png */ = {isa = PBXFileReference; lastKnownFileType = image.png; path = "Icon-40.png"; sourceTree = "<group>"; };
		50EF629317ECD46A001EB2F8 /* Icon-58.png */ = {isa = PBXFileReference; lastKnownFileType = image.png; path = "Icon-58.png"; sourceTree = "<group>"; };
		50EF629417ECD46A001EB2F8 /* Icon-80.png */ = {isa = PBXFileReference; lastKnownFileType = image.png; path = "Icon-80.png"; sourceTree = "<group>"; };
		50EF629517ECD46A001EB2F8 /* Icon-100.png */ = {isa = PBXFileReference; lastKnownFileType = image.png; path = "Icon-100.png"; sourceTree = "<group>"; };
		50EF62A017ECD613001EB2F8 /* Icon-29.png */ = {isa = PBXFileReference; lastKnownFileType = image.png; path = "Icon-29.png"; sourceTree = "<group>"; };
		50EF62A117ECD613001EB2F8 /* Icon-50.png */ = {isa = PBXFileReference; lastKnownFileType = image.png; path = "Icon-50.png"; sourceTree = "<group>"; };
		891E6637192A1848000B086C /* Unit.cpp */ = {isa = PBXFileReference; fileEncoding = 4; lastKnownFileType = sourcecode.cpp.cpp; path = Unit.cpp; sourceTree = "<group>"; };
		891E6638192A1848000B086C /* Unit.h */ = {isa = PBXFileReference; fileEncoding = 4; lastKnownFileType = sourcecode.c.h; path = Unit.h; sourceTree = "<group>"; };
		891E6639192A1848000B086C /* UnitState.cpp */ = {isa = PBXFileReference; fileEncoding = 4; lastKnownFileType = sourcecode.cpp.cpp; path = UnitState.cpp; sourceTree = "<group>"; };
		891E663A192A1848000B086C /* UnitState.h */ = {isa = PBXFileReference; fileEncoding = 4; lastKnownFileType = sourcecode.c.h; path = UnitState.h; sourceTree = "<group>"; };
		891E66D5192A2C6D000B086C /* 1-1.png */ = {isa = PBXFileReference; lastKnownFileType = image.png; path = "1-1.png"; sourceTree = "<group>"; };
		891E66D6192A2C6D000B086C /* 1-2.png */ = {isa = PBXFileReference; lastKnownFileType = image.png; path = "1-2.png"; sourceTree = "<group>"; };
		891E66D7192A2C6D000B086C /* 1-3.png */ = {isa = PBXFileReference; lastKnownFileType = image.png; path = "1-3.png"; sourceTree = "<group>"; };
		891E66D8192A2C6D000B086C /* 1-4.png */ = {isa = PBXFileReference; lastKnownFileType = image.png; path = "1-4.png"; sourceTree = "<group>"; };
		891E66D9192A2C6D000B086C /* 2-1.png */ = {isa = PBXFileReference; lastKnownFileType = image.png; path = "2-1.png"; sourceTree = "<group>"; };
		891E66DA192A2C6D000B086C /* 2-2.png */ = {isa = PBXFileReference; lastKnownFileType = image.png; path = "2-2.png"; sourceTree = "<group>"; };
		891E66DB192A2C6D000B086C /* 2-3.png */ = {isa = PBXFileReference; lastKnownFileType = image.png; path = "2-3.png"; sourceTree = "<group>"; };
		891E66DC192A2C6D000B086C /* 2-4.png */ = {isa = PBXFileReference; lastKnownFileType = image.png; path = "2-4.png"; sourceTree = "<group>"; };
		891E66DD192A2C6D000B086C /* 2-5.png */ = {isa = PBXFileReference; lastKnownFileType = image.png; path = "2-5.png"; sourceTree = "<group>"; };
		891E66DE192A2C6D000B086C /* 2-6.png */ = {isa = PBXFileReference; lastKnownFileType = image.png; path = "2-6.png"; sourceTree = "<group>"; };
		891E66DF192A2C6D000B086C /* 2-7.png */ = {isa = PBXFileReference; lastKnownFileType = image.png; path = "2-7.png"; sourceTree = "<group>"; };
		891E66E0192A2C6D000B086C /* 2-8.png */ = {isa = PBXFileReference; lastKnownFileType = image.png; path = "2-8.png"; sourceTree = "<group>"; };
		891E66E2192A2C6D000B086C /* 3-1.png */ = {isa = PBXFileReference; lastKnownFileType = image.png; path = "3-1.png"; sourceTree = "<group>"; };
		891E66E3192A2C6D000B086C /* 3-2.png */ = {isa = PBXFileReference; lastKnownFileType = image.png; path = "3-2.png"; sourceTree = "<group>"; };
		891E66E4192A2C6D000B086C /* 3-3.png */ = {isa = PBXFileReference; lastKnownFileType = image.png; path = "3-3.png"; sourceTree = "<group>"; };
		891E66E5192A2C6D000B086C /* 3-4.png */ = {isa = PBXFileReference; lastKnownFileType = image.png; path = "3-4.png"; sourceTree = "<group>"; };
		891E66E6192A2C6D000B086C /* 4-1.png */ = {isa = PBXFileReference; lastKnownFileType = image.png; path = "4-1.png"; sourceTree = "<group>"; };
		891E66E7192A2C6D000B086C /* 4-2.png */ = {isa = PBXFileReference; lastKnownFileType = image.png; path = "4-2.png"; sourceTree = "<group>"; };
		891E66E8192A2C6D000B086C /* 4-3.png */ = {isa = PBXFileReference; lastKnownFileType = image.png; path = "4-3.png"; sourceTree = "<group>"; };
		891E66E9192A2C6D000B086C /* 4-4.png */ = {isa = PBXFileReference; lastKnownFileType = image.png; path = "4-4.png"; sourceTree = "<group>"; };
		891E66EA192A2C6D000B086C /* 4-5.png */ = {isa = PBXFileReference; lastKnownFileType = image.png; path = "4-5.png"; sourceTree = "<group>"; };
		891E66EB192A2C6D000B086C /* 4-6.png */ = {isa = PBXFileReference; lastKnownFileType = image.png; path = "4-6.png"; sourceTree = "<group>"; };
		891E66EC192A2C6D000B086C /* 4-7.png */ = {isa = PBXFileReference; lastKnownFileType = image.png; path = "4-7.png"; sourceTree = "<group>"; };
		891E66ED192A2C6D000B086C /* 4-8.png */ = {isa = PBXFileReference; lastKnownFileType = image.png; path = "4-8.png"; sourceTree = "<group>"; };
		891E66EF192A2C6D000B086C /* 5-1.png */ = {isa = PBXFileReference; lastKnownFileType = image.png; path = "5-1.png"; sourceTree = "<group>"; };
		891E66F0192A2C6D000B086C /* 5-2.png */ = {isa = PBXFileReference; lastKnownFileType = image.png; path = "5-2.png"; sourceTree = "<group>"; };
		891E66F1192A2C6D000B086C /* 5-3.png */ = {isa = PBXFileReference; lastKnownFileType = image.png; path = "5-3.png"; sourceTree = "<group>"; };
		891E66F2192A2C6D000B086C /* 5-4.png */ = {isa = PBXFileReference; lastKnownFileType = image.png; path = "5-4.png"; sourceTree = "<group>"; };
		891E66F3192A2C6D000B086C /* 6-1.png */ = {isa = PBXFileReference; lastKnownFileType = image.png; path = "6-1.png"; sourceTree = "<group>"; };
		891E66F4192A2C6D000B086C /* 6-2.png */ = {isa = PBXFileReference; lastKnownFileType = image.png; path = "6-2.png"; sourceTree = "<group>"; };
		891E66F5192A2C6D000B086C /* 6-3.png */ = {isa = PBXFileReference; lastKnownFileType = image.png; path = "6-3.png"; sourceTree = "<group>"; };
		891E66F6192A2C6D000B086C /* 6-4.png */ = {isa = PBXFileReference; lastKnownFileType = image.png; path = "6-4.png"; sourceTree = "<group>"; };
		891E66F7192A2C6D000B086C /* 6-5.png */ = {isa = PBXFileReference; lastKnownFileType = image.png; path = "6-5.png"; sourceTree = "<group>"; };
		891E66F8192A2C6D000B086C /* 6-6.png */ = {isa = PBXFileReference; lastKnownFileType = image.png; path = "6-6.png"; sourceTree = "<group>"; };
		891E66F9192A2C6D000B086C /* 6-7.png */ = {isa = PBXFileReference; lastKnownFileType = image.png; path = "6-7.png"; sourceTree = "<group>"; };
		891E66FA192A2C6D000B086C /* 6-8.png */ = {isa = PBXFileReference; lastKnownFileType = image.png; path = "6-8.png"; sourceTree = "<group>"; };
		891E66FC192A2C6D000B086C /* 7-1.png */ = {isa = PBXFileReference; lastKnownFileType = image.png; path = "7-1.png"; sourceTree = "<group>"; };
		891E66FD192A2C6D000B086C /* 7-2.png */ = {isa = PBXFileReference; lastKnownFileType = image.png; path = "7-2.png"; sourceTree = "<group>"; };
		891E66FE192A2C6D000B086C /* 7-3.png */ = {isa = PBXFileReference; lastKnownFileType = image.png; path = "7-3.png"; sourceTree = "<group>"; };
		891E66FF192A2C6D000B086C /* 7-4.png */ = {isa = PBXFileReference; lastKnownFileType = image.png; path = "7-4.png"; sourceTree = "<group>"; };
		891E6700192A2C6D000B086C /* 8-1.png */ = {isa = PBXFileReference; lastKnownFileType = image.png; path = "8-1.png"; sourceTree = "<group>"; };
		891E6701192A2C6D000B086C /* 8-2.png */ = {isa = PBXFileReference; lastKnownFileType = image.png; path = "8-2.png"; sourceTree = "<group>"; };
		891E6702192A2C6D000B086C /* 8-3.png */ = {isa = PBXFileReference; lastKnownFileType = image.png; path = "8-3.png"; sourceTree = "<group>"; };
		891E6703192A2C6D000B086C /* 8-4.png */ = {isa = PBXFileReference; lastKnownFileType = image.png; path = "8-4.png"; sourceTree = "<group>"; };
		891E6704192A2C6D000B086C /* 8-5.png */ = {isa = PBXFileReference; lastKnownFileType = image.png; path = "8-5.png"; sourceTree = "<group>"; };
		891E6705192A2C6D000B086C /* 8-6.png */ = {isa = PBXFileReference; lastKnownFileType = image.png; path = "8-6.png"; sourceTree = "<group>"; };
		891E6706192A2C6D000B086C /* 8-7.png */ = {isa = PBXFileReference; lastKnownFileType = image.png; path = "8-7.png"; sourceTree = "<group>"; };
		891E6707192A2C6D000B086C /* 8-8.png */ = {isa = PBXFileReference; lastKnownFileType = image.png; path = "8-8.png"; sourceTree = "<group>"; };
		891E6709192A2C6D000B086C /* 10-1.png */ = {isa = PBXFileReference; lastKnownFileType = image.png; path = "10-1.png"; sourceTree = "<group>"; };
		891E670A192A2C6D000B086C /* 10-2.png */ = {isa = PBXFileReference; lastKnownFileType = image.png; path = "10-2.png"; sourceTree = "<group>"; };
		891E670B192A2C6D000B086C /* 10-3.png */ = {isa = PBXFileReference; lastKnownFileType = image.png; path = "10-3.png"; sourceTree = "<group>"; };
		891E670C192A2C6D000B086C /* 10-4.png */ = {isa = PBXFileReference; lastKnownFileType = image.png; path = "10-4.png"; sourceTree = "<group>"; };
		891E670D192A2C6D000B086C /* 10-5.png */ = {isa = PBXFileReference; lastKnownFileType = image.png; path = "10-5.png"; sourceTree = "<group>"; };
		891E670E192A2C6D000B086C /* 10-6.png */ = {isa = PBXFileReference; lastKnownFileType = image.png; path = "10-6.png"; sourceTree = "<group>"; };
		891E670F192A2C6D000B086C /* 10-7.png */ = {isa = PBXFileReference; lastKnownFileType = image.png; path = "10-7.png"; sourceTree = "<group>"; };
		891E6710192A2C6D000B086C /* 10-8.png */ = {isa = PBXFileReference; lastKnownFileType = image.png; path = "10-8.png"; sourceTree = "<group>"; };
		891E6711192A2C6D000B086C /* 9-1.png */ = {isa = PBXFileReference; lastKnownFileType = image.png; path = "9-1.png"; sourceTree = "<group>"; };
		891E6712192A2C6D000B086C /* 9-2.png */ = {isa = PBXFileReference; lastKnownFileType = image.png; path = "9-2.png"; sourceTree = "<group>"; };
		891E6713192A2C6D000B086C /* 9-3.png */ = {isa = PBXFileReference; lastKnownFileType = image.png; path = "9-3.png"; sourceTree = "<group>"; };
		891E6714192A2C6D000B086C /* 9-4.png */ = {isa = PBXFileReference; lastKnownFileType = image.png; path = "9-4.png"; sourceTree = "<group>"; };
		891E6716192A2C6D000B086C /* 11-1.png */ = {isa = PBXFileReference; lastKnownFileType = image.png; path = "11-1.png"; sourceTree = "<group>"; };
		891E6717192A2C6D000B086C /* 11-2.png */ = {isa = PBXFileReference; lastKnownFileType = image.png; path = "11-2.png"; sourceTree = "<group>"; };
		891E6718192A2C6D000B086C /* 11-3.png */ = {isa = PBXFileReference; lastKnownFileType = image.png; path = "11-3.png"; sourceTree = "<group>"; };
		891E6719192A2C6D000B086C /* 11-4.png */ = {isa = PBXFileReference; lastKnownFileType = image.png; path = "11-4.png"; sourceTree = "<group>"; };
		891E671A192A2C6D000B086C /* 12-1.png */ = {isa = PBXFileReference; lastKnownFileType = image.png; path = "12-1.png"; sourceTree = "<group>"; };
		891E671B192A2C6D000B086C /* 12-2.png */ = {isa = PBXFileReference; lastKnownFileType = image.png; path = "12-2.png"; sourceTree = "<group>"; };
		891E671C192A2C6D000B086C /* 12-3.png */ = {isa = PBXFileReference; lastKnownFileType = image.png; path = "12-3.png"; sourceTree = "<group>"; };
		891E671D192A2C6D000B086C /* 12-4.png */ = {isa = PBXFileReference; lastKnownFileType = image.png; path = "12-4.png"; sourceTree = "<group>"; };
		891E671E192A2C6D000B086C /* 12-5.png */ = {isa = PBXFileReference; lastKnownFileType = image.png; path = "12-5.png"; sourceTree = "<group>"; };
		891E671F192A2C6D000B086C /* 12-6.png */ = {isa = PBXFileReference; lastKnownFileType = image.png; path = "12-6.png"; sourceTree = "<group>"; };
		891E6720192A2C6D000B086C /* 12-7.png */ = {isa = PBXFileReference; lastKnownFileType = image.png; path = "12-7.png"; sourceTree = "<group>"; };
		891E6721192A2C6D000B086C /* 12-8.png */ = {isa = PBXFileReference; lastKnownFileType = image.png; path = "12-8.png"; sourceTree = "<group>"; };
		89912111190DF1C2006C5590 /* Battle.cpp */ = {isa = PBXFileReference; fileEncoding = 4; lastKnownFileType = sourcecode.cpp.cpp; name = Battle.cpp; path = ../Classes/Battle.cpp; sourceTree = "<group>"; };
		89912112190DF1C2006C5590 /* Battle.h */ = {isa = PBXFileReference; fileEncoding = 4; lastKnownFileType = sourcecode.c.h; name = Battle.h; path = ../Classes/Battle.h; sourceTree = "<group>"; };
		89912114190DF570006C5590 /* Resources.cpp */ = {isa = PBXFileReference; fileEncoding = 4; lastKnownFileType = sourcecode.cpp.cpp; name = Resources.cpp; path = ../Classes/Resources.cpp; sourceTree = "<group>"; };
		89912115190DF570006C5590 /* Resources.h */ = {isa = PBXFileReference; fileEncoding = 4; lastKnownFileType = sourcecode.c.h; name = Resources.h; path = ../Classes/Resources.h; sourceTree = "<group>"; };
		89C1C0CB191C8A5000904D68 /* Icon-120.png */ = {isa = PBXFileReference; lastKnownFileType = image.png; path = "Icon-120.png"; sourceTree = "<group>"; };
		89C1C0CC191C8A5000904D68 /* Icon-57.png */ = {isa = PBXFileReference; lastKnownFileType = image.png; path = "Icon-57.png"; sourceTree = "<group>"; };
		89C1C0CD191C8A5000904D68 /* Icon-57~ipad.png */ = {isa = PBXFileReference; lastKnownFileType = image.png; path = "Icon-57~ipad.png"; sourceTree = "<group>"; };
		89C1C0CE191C8A5000904D68 /* Icon-76-x.png */ = {isa = PBXFileReference; lastKnownFileType = image.png; path = "Icon-76-x.png"; sourceTree = "<group>"; };
		89C1C0CF191C8A5000904D68 /* Icon-57@2x.png */ = {isa = PBXFileReference; lastKnownFileType = image.png; path = "Icon-57@2x.png"; sourceTree = "<group>"; };
		89C1C0D0191C8A5000904D68 /* Icon.png */ = {isa = PBXFileReference; lastKnownFileType = image.png; path = Icon.png; sourceTree = "<group>"; };
		89C1C0D1191C8A5000904D68 /* Icon@2x.png */ = {isa = PBXFileReference; lastKnownFileType = image.png; path = "Icon@2x.png"; sourceTree = "<group>"; };
		89C1C0D3191C8A5000904D68 /* bg1.png */ = {isa = PBXFileReference; lastKnownFileType = image.png; path = bg1.png; sourceTree = "<group>"; };
		89C1C0D4191C8A5000904D68 /* bg2.png */ = {isa = PBXFileReference; lastKnownFileType = image.png; path = bg2.png; sourceTree = "<group>"; };
		89C1C0D6191C8A5000904D68 /* board.png */ = {isa = PBXFileReference; lastKnownFileType = image.png; path = board.png; sourceTree = "<group>"; };
		89C1C0D7191C8A5000904D68 /* item0.png */ = {isa = PBXFileReference; lastKnownFileType = image.png; path = item0.png; sourceTree = "<group>"; };
		89C1C0D8191C8A5000904D68 /* item1.png */ = {isa = PBXFileReference; lastKnownFileType = image.png; path = item1.png; sourceTree = "<group>"; };
		89C1C0D9191C8A5000904D68 /* item2.png */ = {isa = PBXFileReference; lastKnownFileType = image.png; path = item2.png; sourceTree = "<group>"; };
		89C1C0DA191C8A5000904D68 /* item3.png */ = {isa = PBXFileReference; lastKnownFileType = image.png; path = item3.png; sourceTree = "<group>"; };
		89C1C0DB191C8A5000904D68 /* randomNPC.png */ = {isa = PBXFileReference; lastKnownFileType = image.png; path = randomNPC.png; sourceTree = "<group>"; };
		89C1C0DC191C8A5000904D68 /* randomPlayer.png */ = {isa = PBXFileReference; lastKnownFileType = image.png; path = randomPlayer.png; sourceTree = "<group>"; };
		89C1C0DD191C8A5000904D68 /* start-active.png */ = {isa = PBXFileReference; lastKnownFileType = image.png; path = "start-active.png"; sourceTree = "<group>"; };
		89C1C0DE191C8A5000904D68 /* start.png */ = {isa = PBXFileReference; lastKnownFileType = image.png; path = start.png; sourceTree = "<group>"; };
		89C1C0DF191C8A5000904D68 /* start10.png */ = {isa = PBXFileReference; lastKnownFileType = image.png; path = start10.png; sourceTree = "<group>"; };
		89C1C123191CA6D200904D68 /* Util.cpp */ = {isa = PBXFileReference; fileEncoding = 4; lastKnownFileType = sourcecode.cpp.cpp; name = Util.cpp; path = ../Classes/Util.cpp; sourceTree = "<group>"; };
		89C1C124191CA6D200904D68 /* Util.h */ = {isa = PBXFileReference; fileEncoding = 4; lastKnownFileType = sourcecode.c.h; name = Util.h; path = ../Classes/Util.h; sourceTree = "<group>"; };
		89C1C126191CAD3000904D68 /* play1normal.png */ = {isa = PBXFileReference; lastKnownFileType = image.png; path = play1normal.png; sourceTree = "<group>"; };
		89C1C127191CAD3000904D68 /* pausenormal.png */ = {isa = PBXFileReference; lastKnownFileType = image.png; path = pausenormal.png; sourceTree = "<group>"; };
		89F8C6491906364200CF817A /* Squad.cpp */ = {isa = PBXFileReference; fileEncoding = 4; lastKnownFileType = sourcecode.cpp.cpp; name = Squad.cpp; path = ../Classes/Squad.cpp; sourceTree = "<group>"; };
		89F8C64A1906364200CF817A /* Squad.h */ = {isa = PBXFileReference; fileEncoding = 4; lastKnownFileType = sourcecode.c.h; name = Squad.h; path = ../Classes/Squad.h; sourceTree = "<group>"; };
		BF170DB012928DE900B8313A /* OpenGLES.framework */ = {isa = PBXFileReference; lastKnownFileType = wrapper.framework; name = OpenGLES.framework; path = System/Library/Frameworks/OpenGLES.framework; sourceTree = SDKROOT; };
		BF170DB412928DE900B8313A /* libz.dylib */ = {isa = PBXFileReference; lastKnownFileType = "compiled.mach-o.dylib"; name = libz.dylib; path = usr/lib/libz.dylib; sourceTree = SDKROOT; };
		BF1C47EA1293683800B63C5D /* QuartzCore.framework */ = {isa = PBXFileReference; lastKnownFileType = wrapper.framework; name = QuartzCore.framework; path = System/Library/Frameworks/QuartzCore.framework; sourceTree = SDKROOT; };
		D44C620B132DFF330009C878 /* OpenAL.framework */ = {isa = PBXFileReference; lastKnownFileType = wrapper.framework; name = OpenAL.framework; path = System/Library/Frameworks/OpenAL.framework; sourceTree = SDKROOT; };
		D44C620D132DFF430009C878 /* AVFoundation.framework */ = {isa = PBXFileReference; lastKnownFileType = wrapper.framework; name = AVFoundation.framework; path = System/Library/Frameworks/AVFoundation.framework; sourceTree = SDKROOT; };
		D44C620F132DFF4E0009C878 /* AudioToolbox.framework */ = {isa = PBXFileReference; lastKnownFileType = wrapper.framework; name = AudioToolbox.framework; path = System/Library/Frameworks/AudioToolbox.framework; sourceTree = SDKROOT; };
		D6B0611A1803AB670077942B /* CoreMotion.framework */ = {isa = PBXFileReference; lastKnownFileType = wrapper.framework; name = CoreMotion.framework; path = Platforms/iPhoneOS.platform/Developer/SDKs/iPhoneOS7.0.sdk/System/Library/Frameworks/CoreMotion.framework; sourceTree = DEVELOPER_DIR; };
/* End PBXFileReference section */

/* Begin PBXFrameworksBuildPhase section */
		1D60588F0D05DD3D006BFB54 /* Frameworks */ = {
			isa = PBXFrameworksBuildPhase;
			buildActionMask = 2147483647;
			files = (
				1AC6FB2E180E99EB004C840B /* libbox2d iOS.a in Frameworks */,
				1AC6FB2F180E99EB004C840B /* libchipmunk iOS.a in Frameworks */,
				1AC6FB30180E99EB004C840B /* libcocos2dx iOS.a in Frameworks */,
				1AC6FB31180E99EB004C840B /* libcocos2dx-extensions iOS.a in Frameworks */,
				1AC6FB32180E99EB004C840B /* libCocosDenshion iOS.a in Frameworks */,
				D6B0611B1803AB670077942B /* CoreMotion.framework in Frameworks */,
				1D60589F0D05DD5A006BFB54 /* Foundation.framework in Frameworks */,
				1DF5F4E00D08C38300B7A737 /* UIKit.framework in Frameworks */,
				288765A50DF7441C002DB57D /* CoreGraphics.framework in Frameworks */,
				BF171245129291EC00B8313A /* OpenGLES.framework in Frameworks */,
				BF1712471292920000B8313A /* libz.dylib in Frameworks */,
				BF1C47F01293687400B63C5D /* QuartzCore.framework in Frameworks */,
				D44C620C132DFF330009C878 /* OpenAL.framework in Frameworks */,
				D44C620E132DFF430009C878 /* AVFoundation.framework in Frameworks */,
				D44C6210132DFF4E0009C878 /* AudioToolbox.framework in Frameworks */,
			);
			runOnlyForDeploymentPostprocessing = 0;
		};
		5087E75C17EB910900C73F5D /* Frameworks */ = {
			isa = PBXFrameworksBuildPhase;
			buildActionMask = 2147483647;
			files = (
				1AC6FB1F180E996B004C840B /* libbox2d Mac.a in Frameworks */,
				1AC6FB20180E996B004C840B /* libchipmunk Mac.a in Frameworks */,
				1AC6FB21180E996B004C840B /* libcocos2dx Mac.a in Frameworks */,
				1AC6FB22180E996B004C840B /* libcocos2dx-extensions Mac.a in Frameworks */,
				1AC6FB23180E996B004C840B /* libCocosDenshion Mac.a in Frameworks */,
				503AE11217EB99EE00D1A890 /* libcurl.dylib in Frameworks */,
				5087E76717EB910900C73F5D /* libz.dylib in Frameworks */,
				503AE11B17EB9C5A00D1A890 /* IOKit.framework in Frameworks */,
				5087E78B17EB975400C73F5D /* OpenGL.framework in Frameworks */,
				5087E78917EB974C00C73F5D /* AppKit.framework in Frameworks */,
				5087E76317EB910900C73F5D /* Foundation.framework in Frameworks */,
				5087E76517EB910900C73F5D /* CoreGraphics.framework in Frameworks */,
				5087E76817EB910900C73F5D /* QuartzCore.framework in Frameworks */,
				5087E76917EB910900C73F5D /* OpenAL.framework in Frameworks */,
				5087E76A17EB910900C73F5D /* AVFoundation.framework in Frameworks */,
				5087E76B17EB910900C73F5D /* AudioToolbox.framework in Frameworks */,
			);
			runOnlyForDeploymentPostprocessing = 0;
		};
/* End PBXFrameworksBuildPhase section */

/* Begin PBXGroup section */
		080E96DDFE201D6D7F000001 /* ios */ = {
			isa = PBXGroup;
			children = (
				5087E77117EB970100C73F5D /* Icons */,
				503AE0FA17EB989F00D1A890 /* AppController.h */,
				503AE0FB17EB989F00D1A890 /* AppController.mm */,
				503AE0FC17EB989F00D1A890 /* main.m */,
				503AE0FD17EB989F00D1A890 /* Prefix.pch */,
				503AE0FE17EB989F00D1A890 /* RootViewController.h */,
				503AE0FF17EB989F00D1A890 /* RootViewController.mm */,
			);
			name = ios;
			path = Classes;
			sourceTree = "<group>";
		};
		15AA9C4015B7EC450033D6C2 /* Classes */ = {
			isa = PBXGroup;
			children = (
				891E6636192A1848000B086C /* Unit */,
				89912111190DF1C2006C5590 /* Battle.cpp */,
				89912112190DF1C2006C5590 /* Battle.h */,
				1AFAF8B316D35DE700DB1158 /* AppDelegate.cpp */,
				1AFAF8B416D35DE700DB1158 /* AppDelegate.h */,
				1AFAF8B516D35DE700DB1158 /* HelloWorldScene.cpp */,
				1AFAF8B616D35DE700DB1158 /* HelloWorldScene.h */,
				89F8C6491906364200CF817A /* Squad.cpp */,
				89F8C64A1906364200CF817A /* Squad.h */,
				89912114190DF570006C5590 /* Resources.cpp */,
				89912115190DF570006C5590 /* Resources.h */,
				89C1C123191CA6D200904D68 /* Util.cpp */,
				89C1C124191CA6D200904D68 /* Util.h */,
			);
			name = Classes;
			path = ../classes;
			sourceTree = "<group>";
		};
		19C28FACFE9D520D11CA2CBB /* Products */ = {
			isa = PBXGroup;
			children = (
				1D6058910D05DD3D006BFB54 /* 打来打去.app */,
				5087E76F17EB910900C73F5D /* MyGame Mac.app */,
			);
			name = Products;
			sourceTree = "<group>";
		};
		1AC6FAE6180E9839004C840B /* Products */ = {
			isa = PBXGroup;
			children = (
				1AC6FAF9180E9839004C840B /* libcocos2dx Mac.a */,
				1AC6FAFB180E9839004C840B /* libcocos2dx-extensions Mac.a */,
				1AC6FAFD180E9839004C840B /* libchipmunk Mac.a */,
				1AC6FAFF180E9839004C840B /* libbox2d Mac.a */,
				1AC6FB01180E9839004C840B /* libCocosDenshion Mac.a */,
				1AC6FB07180E9839004C840B /* libcocos2dx iOS.a */,
				1AC6FB09180E9839004C840B /* libcocos2dx-extensions iOS.a */,
				1AC6FB0B180E9839004C840B /* libchipmunk iOS.a */,
				1AC6FB0D180E9839004C840B /* libbox2d iOS.a */,
				1AC6FB0F180E9839004C840B /* libCocosDenshion iOS.a */,
			);
			name = Products;
			sourceTree = "<group>";
		};
		29B97314FDCFA39411CA2CEA /* CustomTemplate */ = {
			isa = PBXGroup;
			children = (
				1AC6FAE5180E9839004C840B /* cocos2d_libs.xcodeproj */,
				15AA9C4015B7EC450033D6C2 /* Classes */,
				29B97323FDCFA39411CA2CEA /* Frameworks */,
				080E96DDFE201D6D7F000001 /* ios */,
				503AE10617EB990700D1A890 /* mac */,
				19C28FACFE9D520D11CA2CBB /* Products */,
				78C7DDAA14EBA5050085D0C2 /* Resources */,
			);
			name = CustomTemplate;
			sourceTree = "<group>";
		};
		29B97323FDCFA39411CA2CEA /* Frameworks */ = {
			isa = PBXGroup;
			children = (
				D6B0611A1803AB670077942B /* CoreMotion.framework */,
				503AE11A17EB9C5A00D1A890 /* IOKit.framework */,
				503AE11117EB99EE00D1A890 /* libcurl.dylib */,
				5087E78A17EB975400C73F5D /* OpenGL.framework */,
				5087E78817EB974C00C73F5D /* AppKit.framework */,
				1ACB3243164770DE00914215 /* libcurl.a */,
				BF170DB412928DE900B8313A /* libz.dylib */,
				D44C620F132DFF4E0009C878 /* AudioToolbox.framework */,
				D44C620D132DFF430009C878 /* AVFoundation.framework */,
				288765A40DF7441C002DB57D /* CoreGraphics.framework */,
				1D30AB110D05D00D00671497 /* Foundation.framework */,
				D44C620B132DFF330009C878 /* OpenAL.framework */,
				BF170DB012928DE900B8313A /* OpenGLES.framework */,
				BF1C47EA1293683800B63C5D /* QuartzCore.framework */,
				1DF5F4DF0D08C38300B7A737 /* UIKit.framework */,
			);
			name = Frameworks;
			sourceTree = "<group>";
		};
		503AE0F517EB97AB00D1A890 /* Icons */ = {
			isa = PBXGroup;
			children = (
				503AE0F617EB97AB00D1A890 /* Icon.icns */,
				503AE0F717EB97AB00D1A890 /* Info.plist */,
			);
			name = Icons;
			path = mac;
			sourceTree = SOURCE_ROOT;
		};
		503AE10617EB990700D1A890 /* mac */ = {
			isa = PBXGroup;
			children = (
				503AE0F517EB97AB00D1A890 /* Icons */,
				503AE10317EB98FF00D1A890 /* main.cpp */,
				503AE10417EB98FF00D1A890 /* Prefix.pch */,
			);
			name = mac;
			sourceTree = "<group>";
		};
		5087E77117EB970100C73F5D /* Icons */ = {
			isa = PBXGroup;
			children = (
				5087E77217EB970100C73F5D /* Default-568h@2x.png */,
				5087E77317EB970100C73F5D /* Default.png */,
				5087E77417EB970100C73F5D /* Default@2x.png */,
				50EF62A017ECD613001EB2F8 /* Icon-29.png */,
				50EF62A117ECD613001EB2F8 /* Icon-50.png */,
				50EF629217ECD46A001EB2F8 /* Icon-40.png */,
				50EF629317ECD46A001EB2F8 /* Icon-58.png */,
				50EF629417ECD46A001EB2F8 /* Icon-80.png */,
				50EF629517ECD46A001EB2F8 /* Icon-100.png */,
				5087E77517EB970100C73F5D /* Icon-114.png */,
				5087E77617EB970100C73F5D /* Icon-120.png */,
				5087E77717EB970100C73F5D /* Icon-144.png */,
				5087E77817EB970100C73F5D /* Icon-152.png */,
				5087E77917EB970100C73F5D /* Icon-57.png */,
				5087E77A17EB970100C73F5D /* Icon-72.png */,
				5087E77B17EB970100C73F5D /* Icon-76.png */,
				5087E77C17EB970100C73F5D /* Info.plist */,
			);
			name = Icons;
			path = ios;
			sourceTree = SOURCE_ROOT;
		};
		78C7DDAA14EBA5050085D0C2 /* Resources */ = {
			isa = PBXGroup;
			children = (
				891E66D3192A2C6D000B086C /* Character */,
				89C1C0CA191C8A5000904D68 /* Icon */,
				89C1C0D2191C8A5000904D68 /* Map */,
				89C1C0D5191C8A5000904D68 /* Menu */,
			);
			name = Resources;
			path = ../Resources;
			sourceTree = "<group>";
		};
		891E6636192A1848000B086C /* Unit */ = {
			isa = PBXGroup;
			children = (
				891E6637192A1848000B086C /* Unit.cpp */,
				891E6638192A1848000B086C /* Unit.h */,
				891E6639192A1848000B086C /* UnitState.cpp */,
				891E663A192A1848000B086C /* UnitState.h */,
			);
			name = Unit;
			path = ../Classes/Unit;
			sourceTree = "<group>";
		};
		891E66D3192A2C6D000B086C /* Character */ = {
			isa = PBXGroup;
			children = (
				891E66D4192A2C6D000B086C /* ArcherA */,
				891E66E1192A2C6D000B086C /* ArcherB */,
				891E66EE192A2C6D000B086C /* FootmanA */,
				891E66FB192A2C6D000B086C /* FootmanB */,
				891E6708192A2C6D000B086C /* KnightA */,
				891E6715192A2C6D000B086C /* KnightB */,
			);
			path = Character;
			sourceTree = "<group>";
		};
		891E66D4192A2C6D000B086C /* ArcherA */ = {
			isa = PBXGroup;
			children = (
				891E66D5192A2C6D000B086C /* 1-1.png */,
				891E66D6192A2C6D000B086C /* 1-2.png */,
				891E66D7192A2C6D000B086C /* 1-3.png */,
				891E66D8192A2C6D000B086C /* 1-4.png */,
				891E66D9192A2C6D000B086C /* 2-1.png */,
				891E66DA192A2C6D000B086C /* 2-2.png */,
				891E66DB192A2C6D000B086C /* 2-3.png */,
				891E66DC192A2C6D000B086C /* 2-4.png */,
				891E66DD192A2C6D000B086C /* 2-5.png */,
				891E66DE192A2C6D000B086C /* 2-6.png */,
				891E66DF192A2C6D000B086C /* 2-7.png */,
				891E66E0192A2C6D000B086C /* 2-8.png */,
			);
			path = ArcherA;
			sourceTree = "<group>";
		};
		891E66E1192A2C6D000B086C /* ArcherB */ = {
			isa = PBXGroup;
			children = (
				891E66E2192A2C6D000B086C /* 3-1.png */,
				891E66E3192A2C6D000B086C /* 3-2.png */,
				891E66E4192A2C6D000B086C /* 3-3.png */,
				891E66E5192A2C6D000B086C /* 3-4.png */,
				891E66E6192A2C6D000B086C /* 4-1.png */,
				891E66E7192A2C6D000B086C /* 4-2.png */,
				891E66E8192A2C6D000B086C /* 4-3.png */,
				891E66E9192A2C6D000B086C /* 4-4.png */,
				891E66EA192A2C6D000B086C /* 4-5.png */,
				891E66EB192A2C6D000B086C /* 4-6.png */,
				891E66EC192A2C6D000B086C /* 4-7.png */,
				891E66ED192A2C6D000B086C /* 4-8.png */,
			);
			path = ArcherB;
			sourceTree = "<group>";
		};
		891E66EE192A2C6D000B086C /* FootmanA */ = {
			isa = PBXGroup;
			children = (
				891E66EF192A2C6D000B086C /* 5-1.png */,
				891E66F0192A2C6D000B086C /* 5-2.png */,
				891E66F1192A2C6D000B086C /* 5-3.png */,
				891E66F2192A2C6D000B086C /* 5-4.png */,
				891E66F3192A2C6D000B086C /* 6-1.png */,
				891E66F4192A2C6D000B086C /* 6-2.png */,
				891E66F5192A2C6D000B086C /* 6-3.png */,
				891E66F6192A2C6D000B086C /* 6-4.png */,
				891E66F7192A2C6D000B086C /* 6-5.png */,
				891E66F8192A2C6D000B086C /* 6-6.png */,
				891E66F9192A2C6D000B086C /* 6-7.png */,
				891E66FA192A2C6D000B086C /* 6-8.png */,
			);
			path = FootmanA;
			sourceTree = "<group>";
		};
		891E66FB192A2C6D000B086C /* FootmanB */ = {
			isa = PBXGroup;
			children = (
				891E66FC192A2C6D000B086C /* 7-1.png */,
				891E66FD192A2C6D000B086C /* 7-2.png */,
				891E66FE192A2C6D000B086C /* 7-3.png */,
				891E66FF192A2C6D000B086C /* 7-4.png */,
				891E6700192A2C6D000B086C /* 8-1.png */,
				891E6701192A2C6D000B086C /* 8-2.png */,
				891E6702192A2C6D000B086C /* 8-3.png */,
				891E6703192A2C6D000B086C /* 8-4.png */,
				891E6704192A2C6D000B086C /* 8-5.png */,
				891E6705192A2C6D000B086C /* 8-6.png */,
				891E6706192A2C6D000B086C /* 8-7.png */,
				891E6707192A2C6D000B086C /* 8-8.png */,
			);
			path = FootmanB;
			sourceTree = "<group>";
		};
		891E6708192A2C6D000B086C /* KnightA */ = {
			isa = PBXGroup;
			children = (
				891E6709192A2C6D000B086C /* 10-1.png */,
				891E670A192A2C6D000B086C /* 10-2.png */,
				891E670B192A2C6D000B086C /* 10-3.png */,
				891E670C192A2C6D000B086C /* 10-4.png */,
				891E670D192A2C6D000B086C /* 10-5.png */,
				891E670E192A2C6D000B086C /* 10-6.png */,
				891E670F192A2C6D000B086C /* 10-7.png */,
				891E6710192A2C6D000B086C /* 10-8.png */,
				891E6711192A2C6D000B086C /* 9-1.png */,
				891E6712192A2C6D000B086C /* 9-2.png */,
				891E6713192A2C6D000B086C /* 9-3.png */,
				891E6714192A2C6D000B086C /* 9-4.png */,
			);
			path = KnightA;
			sourceTree = "<group>";
		};
		891E6715192A2C6D000B086C /* KnightB */ = {
			isa = PBXGroup;
			children = (
				891E6716192A2C6D000B086C /* 11-1.png */,
				891E6717192A2C6D000B086C /* 11-2.png */,
				891E6718192A2C6D000B086C /* 11-3.png */,
				891E6719192A2C6D000B086C /* 11-4.png */,
				891E671A192A2C6D000B086C /* 12-1.png */,
				891E671B192A2C6D000B086C /* 12-2.png */,
				891E671C192A2C6D000B086C /* 12-3.png */,
				891E671D192A2C6D000B086C /* 12-4.png */,
				891E671E192A2C6D000B086C /* 12-5.png */,
				891E671F192A2C6D000B086C /* 12-6.png */,
				891E6720192A2C6D000B086C /* 12-7.png */,
				891E6721192A2C6D000B086C /* 12-8.png */,
			);
			path = KnightB;
			sourceTree = "<group>";
		};
		89C1C0CA191C8A5000904D68 /* Icon */ = {
			isa = PBXGroup;
			children = (
				89C1C0CB191C8A5000904D68 /* Icon-120.png */,
				89C1C0CC191C8A5000904D68 /* Icon-57.png */,
				89C1C0CD191C8A5000904D68 /* Icon-57~ipad.png */,
				89C1C0CE191C8A5000904D68 /* Icon-76-x.png */,
				89C1C0CF191C8A5000904D68 /* Icon-57@2x.png */,
				89C1C0D0191C8A5000904D68 /* Icon.png */,
				89C1C0D1191C8A5000904D68 /* Icon@2x.png */,
			);
			path = Icon;
			sourceTree = "<group>";
		};
		89C1C0D2191C8A5000904D68 /* Map */ = {
			isa = PBXGroup;
			children = (
				89C1C0D3191C8A5000904D68 /* bg1.png */,
				89C1C0D4191C8A5000904D68 /* bg2.png */,
			);
			path = Map;
			sourceTree = "<group>";
		};
		89C1C0D5191C8A5000904D68 /* Menu */ = {
			isa = PBXGroup;
			children = (
				89C1C126191CAD3000904D68 /* play1normal.png */,
				89C1C127191CAD3000904D68 /* pausenormal.png */,
				89C1C0D6191C8A5000904D68 /* board.png */,
				89C1C0D7191C8A5000904D68 /* item0.png */,
				89C1C0D8191C8A5000904D68 /* item1.png */,
				89C1C0D9191C8A5000904D68 /* item2.png */,
				89C1C0DA191C8A5000904D68 /* item3.png */,
				89C1C0DB191C8A5000904D68 /* randomNPC.png */,
				89C1C0DC191C8A5000904D68 /* randomPlayer.png */,
				89C1C0DD191C8A5000904D68 /* start-active.png */,
				89C1C0DE191C8A5000904D68 /* start.png */,
				89C1C0DF191C8A5000904D68 /* start10.png */,
			);
			path = Menu;
			sourceTree = "<group>";
		};
/* End PBXGroup section */

/* Begin PBXNativeTarget section */
		1D6058900D05DD3D006BFB54 /* MyGame iOS */ = {
			isa = PBXNativeTarget;
			buildConfigurationList = 1D6058960D05DD3E006BFB54 /* Build configuration list for PBXNativeTarget "MyGame iOS" */;
			buildPhases = (
				1D60588D0D05DD3D006BFB54 /* Resources */,
				1D60588E0D05DD3D006BFB54 /* Sources */,
				1D60588F0D05DD3D006BFB54 /* Frameworks */,
			);
			buildRules = (
			);
			dependencies = (
				1AC6FB25180E99E1004C840B /* PBXTargetDependency */,
				1AC6FB27180E99E1004C840B /* PBXTargetDependency */,
				1AC6FB29180E99E1004C840B /* PBXTargetDependency */,
				1AC6FB2B180E99E1004C840B /* PBXTargetDependency */,
				1AC6FB2D180E99E1004C840B /* PBXTargetDependency */,
			);
			name = "MyGame iOS";
			productName = iphone;
			productReference = 1D6058910D05DD3D006BFB54 /* 打来打去.app */;
			productType = "com.apple.product-type.application";
		};
		5087E73D17EB910900C73F5D /* MyGame Mac */ = {
			isa = PBXNativeTarget;
			buildConfigurationList = 5087E76C17EB910900C73F5D /* Build configuration list for PBXNativeTarget "MyGame Mac" */;
			buildPhases = (
				5087E74817EB910900C73F5D /* Resources */,
				5087E75617EB910900C73F5D /* Sources */,
				5087E75C17EB910900C73F5D /* Frameworks */,
			);
			buildRules = (
			);
			dependencies = (
				1AC6FB1E180E9963004C840B /* PBXTargetDependency */,
				1AC6FB16180E9959004C840B /* PBXTargetDependency */,
				1AC6FB18180E9959004C840B /* PBXTargetDependency */,
				1AC6FB1A180E9959004C840B /* PBXTargetDependency */,
				1AC6FB1C180E9959004C840B /* PBXTargetDependency */,
			);
			name = "MyGame Mac";
			productName = iphone;
			productReference = 5087E76F17EB910900C73F5D /* MyGame Mac.app */;
			productType = "com.apple.product-type.application";
		};
/* End PBXNativeTarget section */

/* Begin PBXProject section */
		29B97313FDCFA39411CA2CEA /* Project object */ = {
			isa = PBXProject;
			attributes = {
				LastUpgradeCheck = 0500;
				TargetAttributes = {
					1D6058900D05DD3D006BFB54 = {
						DevelopmentTeam = J9LR9M6GRU;
					};
				};
			};
			buildConfigurationList = C01FCF4E08A954540054247B /* Build configuration list for PBXProject "MyGame" */;
			compatibilityVersion = "Xcode 3.2";
			developmentRegion = English;
			hasScannedForEncodings = 1;
			knownRegions = (
				English,
				Japanese,
				French,
				German,
			);
			mainGroup = 29B97314FDCFA39411CA2CEA /* CustomTemplate */;
			projectDirPath = "";
			projectReferences = (
				{
					ProductGroup = 1AC6FAE6180E9839004C840B /* Products */;
					ProjectRef = 1AC6FAE5180E9839004C840B /* cocos2d_libs.xcodeproj */;
				},
			);
			projectRoot = "";
			targets = (
				1D6058900D05DD3D006BFB54 /* MyGame iOS */,
				5087E73D17EB910900C73F5D /* MyGame Mac */,
			);
		};
/* End PBXProject section */

/* Begin PBXReferenceProxy section */
		1AC6FAF9180E9839004C840B /* libcocos2dx Mac.a */ = {
			isa = PBXReferenceProxy;
			fileType = archive.ar;
			path = "libcocos2dx Mac.a";
			remoteRef = 1AC6FAF8180E9839004C840B /* PBXContainerItemProxy */;
			sourceTree = BUILT_PRODUCTS_DIR;
		};
		1AC6FAFB180E9839004C840B /* libcocos2dx-extensions Mac.a */ = {
			isa = PBXReferenceProxy;
			fileType = archive.ar;
			path = "libcocos2dx-extensions Mac.a";
			remoteRef = 1AC6FAFA180E9839004C840B /* PBXContainerItemProxy */;
			sourceTree = BUILT_PRODUCTS_DIR;
		};
		1AC6FAFD180E9839004C840B /* libchipmunk Mac.a */ = {
			isa = PBXReferenceProxy;
			fileType = archive.ar;
			path = "libchipmunk Mac.a";
			remoteRef = 1AC6FAFC180E9839004C840B /* PBXContainerItemProxy */;
			sourceTree = BUILT_PRODUCTS_DIR;
		};
		1AC6FAFF180E9839004C840B /* libbox2d Mac.a */ = {
			isa = PBXReferenceProxy;
			fileType = archive.ar;
			path = "libbox2d Mac.a";
			remoteRef = 1AC6FAFE180E9839004C840B /* PBXContainerItemProxy */;
			sourceTree = BUILT_PRODUCTS_DIR;
		};
		1AC6FB01180E9839004C840B /* libCocosDenshion Mac.a */ = {
			isa = PBXReferenceProxy;
			fileType = archive.ar;
			path = "libCocosDenshion Mac.a";
			remoteRef = 1AC6FB00180E9839004C840B /* PBXContainerItemProxy */;
			sourceTree = BUILT_PRODUCTS_DIR;
		};
		1AC6FB07180E9839004C840B /* libcocos2dx iOS.a */ = {
			isa = PBXReferenceProxy;
			fileType = archive.ar;
			path = "libcocos2dx iOS.a";
			remoteRef = 1AC6FB06180E9839004C840B /* PBXContainerItemProxy */;
			sourceTree = BUILT_PRODUCTS_DIR;
		};
		1AC6FB09180E9839004C840B /* libcocos2dx-extensions iOS.a */ = {
			isa = PBXReferenceProxy;
			fileType = archive.ar;
			path = "libcocos2dx-extensions iOS.a";
			remoteRef = 1AC6FB08180E9839004C840B /* PBXContainerItemProxy */;
			sourceTree = BUILT_PRODUCTS_DIR;
		};
		1AC6FB0B180E9839004C840B /* libchipmunk iOS.a */ = {
			isa = PBXReferenceProxy;
			fileType = archive.ar;
			path = "libchipmunk iOS.a";
			remoteRef = 1AC6FB0A180E9839004C840B /* PBXContainerItemProxy */;
			sourceTree = BUILT_PRODUCTS_DIR;
		};
		1AC6FB0D180E9839004C840B /* libbox2d iOS.a */ = {
			isa = PBXReferenceProxy;
			fileType = archive.ar;
			path = "libbox2d iOS.a";
			remoteRef = 1AC6FB0C180E9839004C840B /* PBXContainerItemProxy */;
			sourceTree = BUILT_PRODUCTS_DIR;
		};
		1AC6FB0F180E9839004C840B /* libCocosDenshion iOS.a */ = {
			isa = PBXReferenceProxy;
			fileType = archive.ar;
			path = "libCocosDenshion iOS.a";
			remoteRef = 1AC6FB0E180E9839004C840B /* PBXContainerItemProxy */;
			sourceTree = BUILT_PRODUCTS_DIR;
		};
/* End PBXReferenceProxy section */

/* Begin PBXResourcesBuildPhase section */
		1D60588D0D05DD3D006BFB54 /* Resources */ = {
			isa = PBXResourcesBuildPhase;
			buildActionMask = 2147483647;
			files = (
				89C1C129191CAD3000904D68 /* pausenormal.png in Resources */,
				89C1C128191CAD3000904D68 /* play1normal.png in Resources */,
				5087E78117EB970100C73F5D /* Icon-120.png in Resources */,
				89C1C101191C8A5000904D68 /* randomNPC.png in Resources */,
				891E6756192A2C6D000B086C /* 10-5.png in Resources */,
				891E6764192A2C6D000B086C /* 12-3.png in Resources */,
				891E6766192A2C6D000B086C /* 12-5.png in Resources */,
				89C1C0F7191C8A5000904D68 /* Icon-57@2x.png in Resources */,
				89C1C0FC191C8A5000904D68 /* board.png in Resources */,
				891E674A192A2C6D000B086C /* 8-1.png in Resources */,
				89C1C103191C8A5000904D68 /* start-active.png in Resources */,
				89C1C0F9191C8A5000904D68 /* Icon@2x.png in Resources */,
				89C1C0F8191C8A5000904D68 /* Icon.png in Resources */,
				89C1C0F3191C8A5000904D68 /* Icon-120.png in Resources */,
				891E6738192A2C6D000B086C /* 4-7.png in Resources */,
				891E6736192A2C6D000B086C /* 4-5.png in Resources */,
				891E6751192A2C6D000B086C /* 8-8.png in Resources */,
				891E6759192A2C6D000B086C /* 10-8.png in Resources */,
				891E675E192A2C6D000B086C /* 11-1.png in Resources */,
				891E672F192A2C6D000B086C /* 3-2.png in Resources */,
				891E6760192A2C6D000B086C /* 11-3.png in Resources */,
				891E6732192A2C6D000B086C /* 4-1.png in Resources */,
				89C1C0FF191C8A5000904D68 /* item2.png in Resources */,
				891E6745192A2C6D000B086C /* 6-8.png in Resources */,
				891E6749192A2C6D000B086C /* 7-4.png in Resources */,
				891E6767192A2C6D000B086C /* 12-6.png in Resources */,
				891E6729192A2C6D000B086C /* 2-4.png in Resources */,
				891E673C192A2C6D000B086C /* 5-3.png in Resources */,
				5087E78617EB970100C73F5D /* Icon-76.png in Resources */,
				891E6762192A2C6D000B086C /* 12-1.png in Resources */,
				891E6754192A2C6D000B086C /* 10-3.png in Resources */,
				5087E77F17EB970100C73F5D /* Default@2x.png in Resources */,
				89C1C105191C8A5000904D68 /* start10.png in Resources */,
				50EF629917ECD46A001EB2F8 /* Icon-100.png in Resources */,
				89C1C0FD191C8A5000904D68 /* item0.png in Resources */,
				5087E78317EB970100C73F5D /* Icon-152.png in Resources */,
				89C1C0FE191C8A5000904D68 /* item1.png in Resources */,
				5087E77D17EB970100C73F5D /* Default-568h@2x.png in Resources */,
				891E6758192A2C6D000B086C /* 10-7.png in Resources */,
				891E674E192A2C6D000B086C /* 8-5.png in Resources */,
				891E6757192A2C6D000B086C /* 10-6.png in Resources */,
				89C1C0FA191C8A5000904D68 /* bg1.png in Resources */,
				891E672B192A2C6D000B086C /* 2-6.png in Resources */,
				891E672E192A2C6D000B086C /* 3-1.png in Resources */,
				891E6753192A2C6D000B086C /* 10-2.png in Resources */,
				891E6726192A2C6D000B086C /* 2-1.png in Resources */,
				891E6763192A2C6D000B086C /* 12-2.png in Resources */,
				891E675D192A2C6D000B086C /* 9-4.png in Resources */,
				891E6724192A2C6D000B086C /* 1-3.png in Resources */,
				891E6723192A2C6D000B086C /* 1-2.png in Resources */,
				891E675C192A2C6D000B086C /* 9-3.png in Resources */,
				891E675A192A2C6D000B086C /* 9-1.png in Resources */,
				891E674F192A2C6D000B086C /* 8-6.png in Resources */,
				891E6741192A2C6D000B086C /* 6-4.png in Resources */,
				89C1C0F6191C8A5000904D68 /* Icon-76-x.png in Resources */,
				89C1C0F5191C8A5000904D68 /* Icon-57~ipad.png in Resources */,
				891E673F192A2C6D000B086C /* 6-2.png in Resources */,
				891E6769192A2C6D000B086C /* 12-8.png in Resources */,
				891E674C192A2C6D000B086C /* 8-3.png in Resources */,
				891E673A192A2C6D000B086C /* 5-1.png in Resources */,
				891E6747192A2C6D000B086C /* 7-2.png in Resources */,
				5087E78517EB970100C73F5D /* Icon-72.png in Resources */,
				89C1C104191C8A5000904D68 /* start.png in Resources */,
				89C1C102191C8A5000904D68 /* randomPlayer.png in Resources */,
				891E675F192A2C6D000B086C /* 11-2.png in Resources */,
				50EF62A317ECD613001EB2F8 /* Icon-50.png in Resources */,
				891E6743192A2C6D000B086C /* 6-6.png in Resources */,
				891E6765192A2C6D000B086C /* 12-4.png in Resources */,
				891E6746192A2C6D000B086C /* 7-1.png in Resources */,
				891E6742192A2C6D000B086C /* 6-5.png in Resources */,
				891E672A192A2C6D000B086C /* 2-5.png in Resources */,
				5087E78017EB970100C73F5D /* Icon-114.png in Resources */,
				891E6737192A2C6D000B086C /* 4-6.png in Resources */,
				891E673E192A2C6D000B086C /* 6-1.png in Resources */,
				891E6748192A2C6D000B086C /* 7-3.png in Resources */,
				891E6727192A2C6D000B086C /* 2-2.png in Resources */,
				50EF62A217ECD613001EB2F8 /* Icon-29.png in Resources */,
				891E6733192A2C6D000B086C /* 4-2.png in Resources */,
				891E6731192A2C6D000B086C /* 3-4.png in Resources */,
				891E6734192A2C6D000B086C /* 4-3.png in Resources */,
				89C1C100191C8A5000904D68 /* item3.png in Resources */,
				891E6755192A2C6D000B086C /* 10-4.png in Resources */,
				891E6735192A2C6D000B086C /* 4-4.png in Resources */,
				891E6730192A2C6D000B086C /* 3-3.png in Resources */,
				891E6725192A2C6D000B086C /* 1-4.png in Resources */,
				891E6744192A2C6D000B086C /* 6-7.png in Resources */,
				50EF629617ECD46A001EB2F8 /* Icon-40.png in Resources */,
				891E6739192A2C6D000B086C /* 4-8.png in Resources */,
				891E6740192A2C6D000B086C /* 6-3.png in Resources */,
				891E6752192A2C6D000B086C /* 10-1.png in Resources */,
				891E6768192A2C6D000B086C /* 12-7.png in Resources */,
				891E675B192A2C6D000B086C /* 9-2.png in Resources */,
				891E6761192A2C6D000B086C /* 11-4.png in Resources */,
				891E674B192A2C6D000B086C /* 8-2.png in Resources */,
				5087E78217EB970100C73F5D /* Icon-144.png in Resources */,
				50EF629817ECD46A001EB2F8 /* Icon-80.png in Resources */,
				891E673D192A2C6D000B086C /* 5-4.png in Resources */,
				891E6750192A2C6D000B086C /* 8-7.png in Resources */,
				5087E78417EB970100C73F5D /* Icon-57.png in Resources */,
				891E6728192A2C6D000B086C /* 2-3.png in Resources */,
				891E672D192A2C6D000B086C /* 2-8.png in Resources */,
				5087E77E17EB970100C73F5D /* Default.png in Resources */,
				89C1C0F4191C8A5000904D68 /* Icon-57.png in Resources */,
				891E6722192A2C6D000B086C /* 1-1.png in Resources */,
				891E674D192A2C6D000B086C /* 8-4.png in Resources */,
				89C1C0FB191C8A5000904D68 /* bg2.png in Resources */,
				50EF629717ECD46A001EB2F8 /* Icon-58.png in Resources */,
				891E673B192A2C6D000B086C /* 5-2.png in Resources */,
				891E672C192A2C6D000B086C /* 2-7.png in Resources */,
			);
			runOnlyForDeploymentPostprocessing = 0;
		};
		5087E74817EB910900C73F5D /* Resources */ = {
			isa = PBXResourcesBuildPhase;
			buildActionMask = 2147483647;
			files = (
				503AE0F817EB97AB00D1A890 /* Icon.icns in Resources */,
			);
			runOnlyForDeploymentPostprocessing = 0;
		};
/* End PBXResourcesBuildPhase section */

/* Begin PBXSourcesBuildPhase section */
		1D60588E0D05DD3D006BFB54 /* Sources */ = {
			isa = PBXSourcesBuildPhase;
			buildActionMask = 2147483647;
			files = (
				891E663C192A1848000B086C /* UnitState.cpp in Sources */,
				503AE10017EB989F00D1A890 /* AppController.mm in Sources */,
				89912116190DF570006C5590 /* Resources.cpp in Sources */,
				503AE10217EB989F00D1A890 /* RootViewController.mm in Sources */,
				89F8C64B1906364200CF817A /* Squad.cpp in Sources */,
				1AFAF8B716D35DE700DB1158 /* AppDelegate.cpp in Sources */,
				89912113190DF1C2006C5590 /* Battle.cpp in Sources */,
				503AE10117EB989F00D1A890 /* main.m in Sources */,
				1AFAF8B816D35DE700DB1158 /* HelloWorldScene.cpp in Sources */,
				89C1C125191CA6D200904D68 /* Util.cpp in Sources */,
				891E663B192A1848000B086C /* Unit.cpp in Sources */,
			);
			runOnlyForDeploymentPostprocessing = 0;
		};
		5087E75617EB910900C73F5D /* Sources */ = {
			isa = PBXSourcesBuildPhase;
			buildActionMask = 2147483647;
			files = (
				5087E75717EB910900C73F5D /* AppDelegate.cpp in Sources */,
				5087E75817EB910900C73F5D /* HelloWorldScene.cpp in Sources */,
				503AE10517EB98FF00D1A890 /* main.cpp in Sources */,
			);
			runOnlyForDeploymentPostprocessing = 0;
		};
/* End PBXSourcesBuildPhase section */

/* Begin PBXTargetDependency section */
		1AC6FB16180E9959004C840B /* PBXTargetDependency */ = {
			isa = PBXTargetDependency;
			name = "cocos2dx Mac";
			targetProxy = 1AC6FB15180E9959004C840B /* PBXContainerItemProxy */;
		};
		1AC6FB18180E9959004C840B /* PBXTargetDependency */ = {
			isa = PBXTargetDependency;
			name = "cocos2dx-extensions Mac";
			targetProxy = 1AC6FB17180E9959004C840B /* PBXContainerItemProxy */;
		};
		1AC6FB1A180E9959004C840B /* PBXTargetDependency */ = {
			isa = PBXTargetDependency;
			name = "chipmunk Mac";
			targetProxy = 1AC6FB19180E9959004C840B /* PBXContainerItemProxy */;
		};
		1AC6FB1C180E9959004C840B /* PBXTargetDependency */ = {
			isa = PBXTargetDependency;
			name = "CocosDenshion Mac";
			targetProxy = 1AC6FB1B180E9959004C840B /* PBXContainerItemProxy */;
		};
		1AC6FB1E180E9963004C840B /* PBXTargetDependency */ = {
			isa = PBXTargetDependency;
			name = "box2d Mac";
			targetProxy = 1AC6FB1D180E9963004C840B /* PBXContainerItemProxy */;
		};
		1AC6FB25180E99E1004C840B /* PBXTargetDependency */ = {
			isa = PBXTargetDependency;
			name = "cocos2dx iOS";
			targetProxy = 1AC6FB24180E99E1004C840B /* PBXContainerItemProxy */;
		};
		1AC6FB27180E99E1004C840B /* PBXTargetDependency */ = {
			isa = PBXTargetDependency;
			name = "cocos2dx-extensions iOS";
			targetProxy = 1AC6FB26180E99E1004C840B /* PBXContainerItemProxy */;
		};
		1AC6FB29180E99E1004C840B /* PBXTargetDependency */ = {
			isa = PBXTargetDependency;
			name = "chipmunk iOS";
			targetProxy = 1AC6FB28180E99E1004C840B /* PBXContainerItemProxy */;
		};
		1AC6FB2B180E99E1004C840B /* PBXTargetDependency */ = {
			isa = PBXTargetDependency;
			name = "box2d iOS";
			targetProxy = 1AC6FB2A180E99E1004C840B /* PBXContainerItemProxy */;
		};
		1AC6FB2D180E99E1004C840B /* PBXTargetDependency */ = {
			isa = PBXTargetDependency;
			name = "CocosDenshion iOS";
			targetProxy = 1AC6FB2C180E99E1004C840B /* PBXContainerItemProxy */;
		};
/* End PBXTargetDependency section */

/* Begin XCBuildConfiguration section */
		1D6058940D05DD3E006BFB54 /* Debug */ = {
			isa = XCBuildConfiguration;
			buildSettings = {
				ALWAYS_SEARCH_USER_PATHS = YES;
				ASSETCATALOG_COMPILER_LAUNCHIMAGE_NAME = LaunchImage;
				CODE_SIGN_IDENTITY = "iPhone Developer";
				COMPRESS_PNG_FILES = NO;
				GCC_DYNAMIC_NO_PIC = NO;
				GCC_INLINES_ARE_PRIVATE_EXTERN = NO;
				GCC_PRECOMPILE_PREFIX_HEADER = YES;
				GCC_PREFIX_HEADER = ios/Prefix.pch;
				GCC_PREPROCESSOR_DEFINITIONS = (
					USE_FILE32API,
					CC_TARGET_OS_IPHONE,
					"COCOS2D_DEBUG=1",
					"CC_ENABLE_CHIPMUNK_INTEGRATION=1",
				);
				GCC_SYMBOLS_PRIVATE_EXTERN = NO;
				HEADER_SEARCH_PATHS = (
					"$(inherited)",
					"$(SRCROOT)/../cocos2d/cocos/2d/platform/ios",
					"$(SRCROOT)/../cocos2d/cocos/2d/platform/ios/Simulation",
				);
				INFOPLIST_FILE = ios/Info.plist;
				IPHONEOS_DEPLOYMENT_TARGET = 5.0;
				LIBRARY_SEARCH_PATHS = "";
				PRODUCT_NAME = "打来打去";
				SDKROOT = iphoneos;
				TARGETED_DEVICE_FAMILY = 2;
				USER_HEADER_SEARCH_PATHS = "";
			};
			name = Debug;
		};
		1D6058950D05DD3E006BFB54 /* Release */ = {
			isa = XCBuildConfiguration;
			buildSettings = {
				ALWAYS_SEARCH_USER_PATHS = YES;
				ASSETCATALOG_COMPILER_LAUNCHIMAGE_NAME = LaunchImage;
				CODE_SIGN_IDENTITY = "iPhone Developer";
				COMPRESS_PNG_FILES = NO;
				GCC_INLINES_ARE_PRIVATE_EXTERN = NO;
				GCC_PRECOMPILE_PREFIX_HEADER = YES;
				GCC_PREFIX_HEADER = ios/Prefix.pch;
				GCC_PREPROCESSOR_DEFINITIONS = (
					USE_FILE32API,
					CC_TARGET_OS_IPHONE,
					"CC_ENABLE_CHIPMUNK_INTEGRATION=1",
				);
				GCC_SYMBOLS_PRIVATE_EXTERN = NO;
				HEADER_SEARCH_PATHS = (
					"$(inherited)",
					"$(SRCROOT)/../cocos2d/cocos/2d/platform/ios",
					"$(SRCROOT)/../cocos2d/cocos/2d/platform/ios/Simulation",
				);
				INFOPLIST_FILE = ios/Info.plist;
				IPHONEOS_DEPLOYMENT_TARGET = 5.0;
				LIBRARY_SEARCH_PATHS = "";
				PRODUCT_NAME = "打来打去";
				SDKROOT = iphoneos;
				TARGETED_DEVICE_FAMILY = 2;
				USER_HEADER_SEARCH_PATHS = "";
			};
			name = Release;
		};
		5087E76D17EB910900C73F5D /* Debug */ = {
			isa = XCBuildConfiguration;
			buildSettings = {
				ALWAYS_SEARCH_USER_PATHS = YES;
				ARCHS = "$(ARCHS_STANDARD_64_BIT)";
				CLANG_CXX_LANGUAGE_STANDARD = "c++0x";
				CLANG_CXX_LIBRARY = "libc++";
				GCC_DYNAMIC_NO_PIC = NO;
				GCC_INLINES_ARE_PRIVATE_EXTERN = NO;
				GCC_PRECOMPILE_PREFIX_HEADER = YES;
				GCC_PREFIX_HEADER = mac/Prefix.pch;
				GCC_PREPROCESSOR_DEFINITIONS = (
					USE_FILE32API,
					CC_TARGET_OS_MAC,
					"COCOS2D_DEBUG=1",
					"CC_ENABLE_CHIPMUNK_INTEGRATION=1",
				);
				GCC_SYMBOLS_PRIVATE_EXTERN = NO;
				HEADER_SEARCH_PATHS = (
					"$(inherited)",
					"$(SRCROOT)/../cocos2d/cocos/2d/platform/mac",
					"$(SRCROOT)/../cocos2d/external/glfw3/include/mac",
				);
				INFOPLIST_FILE = mac/Info.plist;
				LIBRARY_SEARCH_PATHS = "";
				USER_HEADER_SEARCH_PATHS = "";
			};
			name = Debug;
		};
		5087E76E17EB910900C73F5D /* Release */ = {
			isa = XCBuildConfiguration;
			buildSettings = {
				ALWAYS_SEARCH_USER_PATHS = YES;
				ARCHS = "$(ARCHS_STANDARD_64_BIT)";
				CLANG_CXX_LANGUAGE_STANDARD = "c++0x";
				CLANG_CXX_LIBRARY = "libc++";
				GCC_INLINES_ARE_PRIVATE_EXTERN = NO;
				GCC_PRECOMPILE_PREFIX_HEADER = YES;
				GCC_PREFIX_HEADER = mac/Prefix.pch;
				GCC_PREPROCESSOR_DEFINITIONS = (
					USE_FILE32API,
					CC_TARGET_OS_MAC,
					"CC_ENABLE_CHIPMUNK_INTEGRATION=1",
				);
				GCC_SYMBOLS_PRIVATE_EXTERN = NO;
				HEADER_SEARCH_PATHS = (
					"$(inherited)",
					"$(SRCROOT)/../cocos2d/cocos/2d/platform/mac",
					"$(SRCROOT)/../cocos2d/external/glfw3/include/mac",
				);
				INFOPLIST_FILE = mac/Info.plist;
				LIBRARY_SEARCH_PATHS = "";
				USER_HEADER_SEARCH_PATHS = "";
			};
			name = Release;
		};
		C01FCF4F08A954540054247B /* Debug */ = {
			isa = XCBuildConfiguration;
			buildSettings = {
				CLANG_CXX_LANGUAGE_STANDARD = "c++0x";
				CLANG_CXX_LIBRARY = "libc++";
				COPY_PHASE_STRIP = NO;
				GCC_OPTIMIZATION_LEVEL = 0;
				GCC_WARN_ABOUT_RETURN_TYPE = YES;
				GCC_WARN_UNUSED_VARIABLE = YES;
				HEADER_SEARCH_PATHS = (
					"$(SRCROOT)/../cocos2d",
					"$(SRCROOT)/../cocos2d/cocos",
					"$(SRCROOT)/../cocos2d/cocos/base",
					"$(SRCROOT)/../cocos2d/cocos/physics",
					"$(SRCROOT)/../cocos2d/cocos/math/kazmath",
					"$(SRCROOT)/../cocos2d/cocos/2d",
					"$(SRCROOT)/../cocos2d/cocos/ui",
					"$(SRCROOT)/../cocos2d/cocos/network",
					"$(SRCROOT)/../cocos2d/cocos/audio/include",
					"$(SRCROOT)/../cocos2d/cocos/editor-support",
					"$(SRCROOT)/../cocos2d/extensions",
					"$(SRCROOT)/../cocos2d/external",
					"$(SRCROOT)/../cocos2d/external/chipmunk/include/chipmunk",
				);
				ONLY_ACTIVE_ARCH = YES;
				PRODUCT_NAME = "$(TARGET_NAME)";
				SDKROOT = macosx;
			};
			name = Debug;
		};
		C01FCF5008A954540054247B /* Release */ = {
			isa = XCBuildConfiguration;
			buildSettings = {
				CLANG_CXX_LANGUAGE_STANDARD = "c++0x";
				CLANG_CXX_LIBRARY = "libc++";
				GCC_WARN_ABOUT_RETURN_TYPE = YES;
				GCC_WARN_UNUSED_VARIABLE = YES;
				HEADER_SEARCH_PATHS = (
					"$(SRCROOT)/../cocos2d",
					"$(SRCROOT)/../cocos2d/cocos",
					"$(SRCROOT)/../cocos2d/cocos/base",
					"$(SRCROOT)/../cocos2d/cocos/physics",
					"$(SRCROOT)/../cocos2d/cocos/math/kazmath",
					"$(SRCROOT)/../cocos2d/cocos/2d",
					"$(SRCROOT)/../cocos2d/cocos/ui",
					"$(SRCROOT)/../cocos2d/cocos/network",
					"$(SRCROOT)/../cocos2d/cocos/audio/include",
					"$(SRCROOT)/../cocos2d/cocos/editor-support",
					"$(SRCROOT)/../cocos2d/extensions",
					"$(SRCROOT)/../cocos2d/external",
					"$(SRCROOT)/../cocos2d/external/chipmunk/include/chipmunk",
				);
				OTHER_CFLAGS = "-DNS_BLOCK_ASSERTIONS=1";
				PRODUCT_NAME = "$(TARGET_NAME)";
				SDKROOT = macosx;
				VALIDATE_PRODUCT = YES;
			};
			name = Release;
		};
/* End XCBuildConfiguration section */

/* Begin XCConfigurationList section */
		1D6058960D05DD3E006BFB54 /* Build configuration list for PBXNativeTarget "MyGame iOS" */ = {
			isa = XCConfigurationList;
			buildConfigurations = (
				1D6058940D05DD3E006BFB54 /* Debug */,
				1D6058950D05DD3E006BFB54 /* Release */,
			);
			defaultConfigurationIsVisible = 0;
			defaultConfigurationName = Debug;
		};
		5087E76C17EB910900C73F5D /* Build configuration list for PBXNativeTarget "MyGame Mac" */ = {
			isa = XCConfigurationList;
			buildConfigurations = (
				5087E76D17EB910900C73F5D /* Debug */,
				5087E76E17EB910900C73F5D /* Release */,
			);
			defaultConfigurationIsVisible = 0;
			defaultConfigurationName = Debug;
		};
		C01FCF4E08A954540054247B /* Build configuration list for PBXProject "MyGame" */ = {
			isa = XCConfigurationList;
			buildConfigurations = (
				C01FCF4F08A954540054247B /* Debug */,
				C01FCF5008A954540054247B /* Release */,
			);
			defaultConfigurationIsVisible = 0;
			defaultConfigurationName = Debug;
		};
/* End XCConfigurationList section */
	};
	rootObject = 29B97313FDCFA39411CA2CEA /* Project object */;
}
