<?xml version="1.0" encoding="utf-8"?>
<Project ToolsVersion="4.0" xmlns="http://schemas.microsoft.com/developer/msbuild/2003">
  <ItemGroup>
    <Filter Include="win32">
      <UniqueIdentifier>{84a8ebd7-7cf0-47f6-b75e-d441df67da40}</UniqueIdentifier>
    </Filter>
    <Filter Include="Classes">
      <UniqueIdentifier>{bb6c862e-70e9-49d9-81b7-3829a6f50471}</UniqueIdentifier>
    </Filter>
    <Filter Include="GameEntity">
      <UniqueIdentifier>{bd4522c2-dc79-4380-bb86-c3e2a8bf6ad8}</UniqueIdentifier>
    </Filter>
    <Filter Include="Soldier">
      <UniqueIdentifier>{753f9be1-0214-4d72-a5a3-ca27feebd7fc}</UniqueIdentifier>
    </Filter>
    <Filter Include="Skill">
      <UniqueIdentifier>{8060df3f-94e4-4d9f-b7af-fc62aec19f56}</UniqueIdentifier>
    </Filter>
    <Filter Include="Scene">
      <UniqueIdentifier>{9b6576bb-977b-4b5b-949f-f389a00ae764}</UniqueIdentifier>
    </Filter>
    <Filter Include="Player">
      <UniqueIdentifier>{22d9bcba-3fa6-46aa-a746-82f173455022}</UniqueIdentifier>
    </Filter>
    <Filter Include="Slots">
      <UniqueIdentifier>{2d7dd1ec-80ca-4d8d-9f0a-d0df2131bf3a}</UniqueIdentifier>
    </Filter>
    <Filter Include="Config">
      <UniqueIdentifier>{f8838851-6cf9-4b1f-8f6f-9f567e92a37a}</UniqueIdentifier>
    </Filter>
    <Filter Include="Layer">
      <UniqueIdentifier>{14fa67d1-5abd-4b53-b78b-3d567a8742d9}</UniqueIdentifier>
    </Filter>
  </ItemGroup>
  <ItemGroup>
    <ClCompile Include="main.cpp">
      <Filter>win32</Filter>
    </ClCompile>
    <ClCompile Include="..\Classes\AppDelegate.cpp">
      <Filter>Classes</Filter>
    </ClCompile>
    <ClCompile Include="..\Classes\GameBaseEntity.cpp">
      <Filter>GameEntity</Filter>
    </ClCompile>
    <ClCompile Include="..\Classes\BaseSoldier.cpp">
      <Filter>Soldier</Filter>
    </ClCompile>
    <ClCompile Include="..\Classes\NormalAttack.cpp">
      <Filter>Skill</Filter>
    </ClCompile>
    <ClCompile Include="..\Classes\player.cpp">
      <Filter>Player</Filter>
    </ClCompile>
    <ClCompile Include="..\Classes\PlayerDataMgr.cpp">
      <Filter>Player</Filter>
    </ClCompile>
    <ClCompile Include="..\Classes\ConfigDataMgr.cpp">
      <Filter>Config</Filter>
    </ClCompile>
    <ClCompile Include="..\Classes\Slot.cpp">
      <Filter>Slots</Filter>
    </ClCompile>
    <ClCompile Include="..\Classes\SlotHero.cpp">
      <Filter>Slots</Filter>
    </ClCompile>
    <ClCompile Include="..\Classes\SlotMgr.cpp">
      <Filter>Slots</Filter>
    </ClCompile>
    <ClCompile Include="..\cocos2d\cocos\editor-support\spine\extension.cpp">
      <Filter>Classes</Filter>
    </ClCompile>
    <ClCompile Include="..\cocos2d\cocos\editor-support\spine\Json.cpp">
      <Filter>Classes</Filter>
    </ClCompile>
    <ClCompile Include="..\Classes\HelloWorldScene.cpp">
      <Filter>Layer</Filter>
    </ClCompile>
    <ClCompile Include="..\Classes\SlotSoldier.cpp">
      <Filter>Slots</Filter>
    </ClCompile>
  </ItemGroup>
  <ItemGroup>
    <ClInclude Include="main.h">
      <Filter>win32</Filter>
    </ClInclude>
    <ClInclude Include="..\Classes\AppDelegate.h">
      <Filter>Classes</Filter>
    </ClInclude>
    <ClInclude Include="..\Classes\GameBaseEntity.h">
      <Filter>GameEntity</Filter>
    </ClInclude>
    <ClInclude Include="..\Classes\BaseSoldier.h">
      <Filter>Soldier</Filter>
    </ClInclude>
    <ClInclude Include="..\Classes\BaseState.h">
      <Filter>GameEntity</Filter>
    </ClInclude>
    <ClInclude Include="..\Classes\BaseStateMachine.h">
      <Filter>GameEntity</Filter>
    </ClInclude>
    <ClInclude Include="..\Classes\BaseSoldierState.h">
      <Filter>Soldier</Filter>
    </ClInclude>
    <ClInclude Include="..\Classes\BaseSkill.h">
      <Filter>Skill</Filter>
    </ClInclude>
    <ClInclude Include="..\Classes\NormalAttack.h">
      <Filter>Skill</Filter>
    </ClInclude>
    <ClInclude Include="..\Classes\player.h">
      <Filter>Player</Filter>
    </ClInclude>
    <ClInclude Include="..\Classes\playerGlobalConfig.h">
      <Filter>Player</Filter>
    </ClInclude>
    <ClInclude Include="..\Classes\playerDataKeyConfig.h">
      <Filter>Player</Filter>
    </ClInclude>
    <ClInclude Include="..\Classes\Marco.h">
      <Filter>Classes</Filter>
    </ClInclude>
    <ClInclude Include="..\Classes\Utility.h">
      <Filter>Classes</Filter>
    </ClInclude>
    <ClInclude Include="..\Classes\ConfigDataMgr.h">
      <Filter>Config</Filter>
    </ClInclude>
    <ClInclude Include="..\Classes\Slot.h">
      <Filter>Slots</Filter>
    </ClInclude>
    <ClInclude Include="..\Classes\SlotGlobalConfig.h">
      <Filter>Slots</Filter>
    </ClInclude>
    <ClInclude Include="..\Classes\SlotHero.h">
      <Filter>Slots</Filter>
    </ClInclude>
    <ClInclude Include="..\Classes\SlotMgr.h">
      <Filter>Slots</Filter>
    </ClInclude>
    <ClInclude Include="..\Classes\AssertConfigs.h">
      <Filter>Classes</Filter>
    </ClInclude>
    <ClInclude Include="..\Classes\ConfigStruct.h">
      <Filter>Config</Filter>
    </ClInclude>
    <ClInclude Include="..\Classes\HelloWorldScene.h">
      <Filter>Layer</Filter>
    </ClInclude>
    <ClInclude Include="..\Classes\SlotSoldier.h">
      <Filter>Slots</Filter>
    </ClInclude>
  </ItemGroup>
</Project>